// !$*UTF8*$!
{
	archiveVersion = 1;
	classes = {
	};
	objectVersion = 46;
	objects = {

/* Begin PBXBuildFile section */
		7011C1BA1A7B223E002AE2A8 /* SQLiteDB.swift in Sources */ = {isa = PBXBuildFile; fileRef = 7011C1B81A7B223E002AE2A8 /* SQLiteDB.swift */; };
		7011C1BB1A7B223E002AE2A8 /* String-Extras.swift in Sources */ = {isa = PBXBuildFile; fileRef = 7011C1B91A7B223E002AE2A8 /* String-Extras.swift */; };
		7011C1BD1A7B225D002AE2A8 /* libsqlite3.0.dylib in Frameworks */ = {isa = PBXBuildFile; fileRef = 7011C1BC1A7B225D002AE2A8 /* libsqlite3.0.dylib */; };
		7011C1C11A7B7934002AE2A8 /* InfoListItemCell.swift in Sources */ = {isa = PBXBuildFile; fileRef = 7011C1C01A7B7934002AE2A8 /* InfoListItemCell.swift */; };
		7011C1C61A7B8610002AE2A8 /* InfoListItemCell.xib in Resources */ = {isa = PBXBuildFile; fileRef = 7011C1C51A7B8610002AE2A8 /* InfoListItemCell.xib */; };
		7011C1C81A7BC451002AE2A8 /* like_icon.png in Resources */ = {isa = PBXBuildFile; fileRef = 7011C1C71A7BC451002AE2A8 /* like_icon.png */; };
		7011C1CA1A7BC4AD002AE2A8 /* active_like_icon.png in Resources */ = {isa = PBXBuildFile; fileRef = 7011C1C91A7BC4AD002AE2A8 /* active_like_icon.png */; };
		7011C1CC1A7BC59B002AE2A8 /* share_icon.png in Resources */ = {isa = PBXBuildFile; fileRef = 7011C1CB1A7BC59B002AE2A8 /* share_icon.png */; };
		70146D841A76391600D6EB4E /* weddingreality-icon.png in Resources */ = {isa = PBXBuildFile; fileRef = 70146D831A76391600D6EB4E /* weddingreality-icon.png */; };
		70146D861A76416B00D6EB4E /* LoginViewController.swift in Sources */ = {isa = PBXBuildFile; fileRef = 70146D851A76416B00D6EB4E /* LoginViewController.swift */; };
		70211A551A8D9CC000C0A60F /* personal_bg_0.png in Resources */ = {isa = PBXBuildFile; fileRef = 70211A541A8D9CC000C0A60F /* personal_bg_0.png */; };
		70211A571A8DA03700C0A60F /* personal_bg_1.png in Resources */ = {isa = PBXBuildFile; fileRef = 70211A561A8DA03700C0A60F /* personal_bg_1.png */; };
		70211A591A8DA31B00C0A60F /* personal_bg_2.png in Resources */ = {isa = PBXBuildFile; fileRef = 70211A581A8DA31B00C0A60F /* personal_bg_2.png */; };
		70211A5D1A8DBC5200C0A60F /* personal_bg_3.png in Resources */ = {isa = PBXBuildFile; fileRef = 70211A5C1A8DBC5200C0A60F /* personal_bg_3.png */; };
		70211A611A8DC87F00C0A60F /* personal_bg_4.png in Resources */ = {isa = PBXBuildFile; fileRef = 70211A601A8DC87F00C0A60F /* personal_bg_4.png */; };
		70211A631A8DD21D00C0A60F /* AboutViewController.swift in Sources */ = {isa = PBXBuildFile; fileRef = 70211A621A8DD21D00C0A60F /* AboutViewController.swift */; };
		70211A651A8DD52E00C0A60F /* HelpViewController.swift in Sources */ = {isa = PBXBuildFile; fileRef = 70211A641A8DD52E00C0A60F /* HelpViewController.swift */; };
		70211A671A8DD67600C0A60F /* help.html in Resources */ = {isa = PBXBuildFile; fileRef = 70211A661A8DD67600C0A60F /* help.html */; };
		70211A691A8DDABA00C0A60F /* FeedbackViewController.swift in Sources */ = {isa = PBXBuildFile; fileRef = 70211A681A8DDABA00C0A60F /* FeedbackViewController.swift */; };
		70211A6B1A8DF7D400C0A60F /* HRToast+UIView.swift in Sources */ = {isa = PBXBuildFile; fileRef = 70211A6A1A8DF7D400C0A60F /* HRToast+UIView.swift */; };
		70211A6D1A8E40DC00C0A60F /* BrandTableViewController.swift in Sources */ = {isa = PBXBuildFile; fileRef = 70211A6C1A8E40DC00C0A60F /* BrandTableViewController.swift */; };
		70211A6F1A8E42BC00C0A60F /* StyleTableViewController.swift in Sources */ = {isa = PBXBuildFile; fileRef = 70211A6E1A8E42BC00C0A60F /* StyleTableViewController.swift */; };
		702187CB1AA064580087263C /* InfoDetailViewController.swift in Sources */ = {isa = PBXBuildFile; fileRef = 702187CA1AA064580087263C /* InfoDetailViewController.swift */; };
		70272B751A7A1B6C004870C1 /* default_dress.png in Resources */ = {isa = PBXBuildFile; fileRef = 70272B741A7A1B6C004870C1 /* default_dress.png */; };
		70272B771A7A1D2E004870C1 /* ad_banner.png in Resources */ = {isa = PBXBuildFile; fileRef = 70272B761A7A1D2E004870C1 /* ad_banner.png */; };
		702FB5F01A99770E009693C1 /* UMSocialLocalizable.strings in Resources */ = {isa = PBXBuildFile; fileRef = 702FB5D51A99770E009693C1 /* UMSocialLocalizable.strings */; };
		702FB5F11A99770E009693C1 /* libUMSocial_Sdk_4.2.1.a in Frameworks */ = {isa = PBXBuildFile; fileRef = 702FB5E31A99770E009693C1 /* libUMSocial_Sdk_4.2.1.a */; };
		702FB5F21A99770E009693C1 /* libUMSocial_Sdk_Comment_4.2.1.a in Frameworks */ = {isa = PBXBuildFile; fileRef = 702FB5E41A99770E009693C1 /* libUMSocial_Sdk_Comment_4.2.1.a */; };
		702FB5F31A99770E009693C1 /* UMSCommentDetailController.xib in Resources */ = {isa = PBXBuildFile; fileRef = 702FB5E61A99770E009693C1 /* UMSCommentDetailController.xib */; };
		702FB5F41A99770E009693C1 /* UMSCommentInputController.xib in Resources */ = {isa = PBXBuildFile; fileRef = 702FB5E71A99770E009693C1 /* UMSCommentInputController.xib */; };
		702FB5F51A99770E009693C1 /* UMSCommentInputControlleriPad.xib in Resources */ = {isa = PBXBuildFile; fileRef = 702FB5E81A99770E009693C1 /* UMSCommentInputControlleriPad.xib */; };
		702FB5F61A99770E009693C1 /* UMShareEditViewController.xib in Resources */ = {isa = PBXBuildFile; fileRef = 702FB5E91A99770E009693C1 /* UMShareEditViewController.xib */; };
		702FB5F71A99770E009693C1 /* UMShareEditViewControlleriPad.xib in Resources */ = {isa = PBXBuildFile; fileRef = 702FB5EA1A99770E009693C1 /* UMShareEditViewControlleriPad.xib */; };
		702FB5F81A99770E009693C1 /* UMSLoginViewController.xib in Resources */ = {isa = PBXBuildFile; fileRef = 702FB5EB1A99770E009693C1 /* UMSLoginViewController.xib */; };
		702FB5F91A99770E009693C1 /* UMSnsAccountViewController.xib in Resources */ = {isa = PBXBuildFile; fileRef = 702FB5EC1A99770E009693C1 /* UMSnsAccountViewController.xib */; };
		702FB5FA1A99770E009693C1 /* UMSShareListController.xib in Resources */ = {isa = PBXBuildFile; fileRef = 702FB5ED1A99770E009693C1 /* UMSShareListController.xib */; };
		702FB5FB1A99770E009693C1 /* UMSocialSDKResourcesNew.bundle in Resources */ = {isa = PBXBuildFile; fileRef = 702FB5EE1A99770E009693C1 /* UMSocialSDKResourcesNew.bundle */; };
		702FB62F1A9977C5009693C1 /* libSocialInstagram.a in Frameworks */ = {isa = PBXBuildFile; fileRef = 702FB6011A9977C5009693C1 /* libSocialInstagram.a */; };
		702FB6301A9977C6009693C1 /* libSocialLaiWang.a in Frameworks */ = {isa = PBXBuildFile; fileRef = 702FB6041A9977C5009693C1 /* libSocialLaiWang.a */; };
		702FB6321A9977C6009693C1 /* libSocialSina.a in Frameworks */ = {isa = PBXBuildFile; fileRef = 702FB60A1A9977C5009693C1 /* libSocialSina.a */; };
		702FB6331A9977C6009693C1 /* libSocialQQ.a in Frameworks */ = {isa = PBXBuildFile; fileRef = 702FB60D1A9977C5009693C1 /* libSocialQQ.a */; };
		702FB6341A9977C6009693C1 /* TencentOpenAPI.framework in Frameworks */ = {isa = PBXBuildFile; fileRef = 702FB60E1A9977C5009693C1 /* TencentOpenAPI.framework */; };
		702FB6351A9977C6009693C1 /* TencentOpenApi_IOS_Bundle.bundle in Resources */ = {isa = PBXBuildFile; fileRef = 702FB60F1A9977C5009693C1 /* TencentOpenApi_IOS_Bundle.bundle */; };
		702FB6361A9977C6009693C1 /* libSocialTumblr.a in Frameworks */ = {isa = PBXBuildFile; fileRef = 702FB6121A9977C5009693C1 /* libSocialTumblr.a */; };
		702FB6381A9977C6009693C1 /* ios-social-sdk-shake.html in Resources */ = {isa = PBXBuildFile; fileRef = 702FB6181A9977C5009693C1 /* ios-social-sdk-shake.html */; };
		702FB6391A9977C6009693C1 /* libUMSocial_Sdk_ScreenShot_1.0.a in Frameworks */ = {isa = PBXBuildFile; fileRef = 702FB6191A9977C5009693C1 /* libUMSocial_Sdk_ScreenShot_1.0.a */; };
		702FB63A1A9977C6009693C1 /* ios-social-sdk-shake.html in Resources */ = {isa = PBXBuildFile; fileRef = 702FB61C1A9977C5009693C1 /* ios-social-sdk-shake.html */; };
		702FB63B1A9977C6009693C1 /* libUMSocial_Sdk_Shake_1.0.a in Frameworks */ = {isa = PBXBuildFile; fileRef = 702FB61D1A9977C5009693C1 /* libUMSocial_Sdk_Shake_1.0.a */; };
		702FB63C1A9977C6009693C1 /* libSocialWechat.a in Frameworks */ = {isa = PBXBuildFile; fileRef = 702FB6201A9977C5009693C1 /* libSocialWechat.a */; };
		702FB63D1A9977C6009693C1 /* libWeChatSDK.a in Frameworks */ = {isa = PBXBuildFile; fileRef = 702FB6211A9977C5009693C1 /* libWeChatSDK.a */; };
		702FB63E1A9977C6009693C1 /* libSocialWhatsapp.a in Frameworks */ = {isa = PBXBuildFile; fileRef = 702FB6261A9977C5009693C1 /* libSocialWhatsapp.a */; };
		702FB63F1A9977C6009693C1 /* libSocialYiXin.a in Frameworks */ = {isa = PBXBuildFile; fileRef = 702FB6291A9977C5009693C1 /* libSocialYiXin.a */; };
		702FB6401A9977C6009693C1 /* libYixinSDK_V2.2.a in Frameworks */ = {isa = PBXBuildFile; fileRef = 702FB62A1A9977C5009693C1 /* libYixinSDK_V2.2.a */; };
		702FB6421A9978F3009693C1 /* libiconv.dylib in Frameworks */ = {isa = PBXBuildFile; fileRef = 702FB6411A9978F3009693C1 /* libiconv.dylib */; };
		702FB6441A997928009693C1 /* CoreTelephony.framework in Frameworks */ = {isa = PBXBuildFile; fileRef = 702FB6431A997928009693C1 /* CoreTelephony.framework */; };
		702FB6461A997939009693C1 /* libstdc++.dylib in Frameworks */ = {isa = PBXBuildFile; fileRef = 702FB6451A997939009693C1 /* libstdc++.dylib */; };
		702FB6481A997942009693C1 /* libz.dylib in Frameworks */ = {isa = PBXBuildFile; fileRef = 702FB6471A997942009693C1 /* libz.dylib */; };
		702FB64A1A9A0CB7009693C1 /* qq_icon.png in Resources */ = {isa = PBXBuildFile; fileRef = 702FB6491A9A0CB7009693C1 /* qq_icon.png */; };
		702FB64C1A9A0D08009693C1 /* qq_icon@2x.png in Resources */ = {isa = PBXBuildFile; fileRef = 702FB64B1A9A0D08009693C1 /* qq_icon@2x.png */; };
		703365891A4B202E0078EBEB /* UIKit.framework in Frameworks */ = {isa = PBXBuildFile; fileRef = 703365881A4B202E0078EBEB /* UIKit.framework */; };
		7033658B1A4B20370078EBEB /* SystemConfiguration.framework in Frameworks */ = {isa = PBXBuildFile; fileRef = 7033658A1A4B20370078EBEB /* SystemConfiguration.framework */; };
		7048E4AB1A9F190100157BE0 /* AVFoundation.framework in Frameworks */ = {isa = PBXBuildFile; fileRef = 7048E4AA1A9F190100157BE0 /* AVFoundation.framework */; };
		7048E4AD1A9F190800157BE0 /* AudioToolbox.framework in Frameworks */ = {isa = PBXBuildFile; fileRef = 7048E4AC1A9F190800157BE0 /* AudioToolbox.framework */; };
		7048E4AF1A9F190D00157BE0 /* MessageUI.framework in Frameworks */ = {isa = PBXBuildFile; fileRef = 7048E4AE1A9F190D00157BE0 /* MessageUI.framework */; };
		7048E4B11A9F191200157BE0 /* StoreKit.framework in Frameworks */ = {isa = PBXBuildFile; fileRef = 7048E4B01A9F191200157BE0 /* StoreKit.framework */; };
		7048E4B31A9F192400157BE0 /* AdSupport.framework in Frameworks */ = {isa = PBXBuildFile; fileRef = 7048E4B21A9F192400157BE0 /* AdSupport.framework */; };
		70631DD01A80AEE90005C555 /* Haneke.framework in Frameworks */ = {isa = PBXBuildFile; fileRef = 7050A9DF1A80A6180024523D /* Haneke.framework */; };
		70631DD21A80AF2A0005C555 /* Haneke.framework in CopyFiles */ = {isa = PBXBuildFile; fileRef = 7050A9DF1A80A6180024523D /* Haneke.framework */; settings = {ATTRIBUTES = (CodeSignOnCopy, RemoveHeadersOnCopy, ); }; };
		7067E7C81A694E4000E143D1 /* WeatherView.swift in Sources */ = {isa = PBXBuildFile; fileRef = 7067E7C71A694E4000E143D1 /* WeatherView.swift */; };
		7067E7CA1A696F4C00E143D1 /* RulerViewBar.swift in Sources */ = {isa = PBXBuildFile; fileRef = 7067E7C91A696F4C00E143D1 /* RulerViewBar.swift */; };
		707591F01A748C9C005DFA11 /* libWeiboSDK.a in Frameworks */ = {isa = PBXBuildFile; fileRef = 707591E51A748C9C005DFA11 /* libWeiboSDK.a */; };
		707591F11A748C9C005DFA11 /* WeiboSDK.bundle in Resources */ = {isa = PBXBuildFile; fileRef = 707591ED1A748C9C005DFA11 /* WeiboSDK.bundle */; };
		707591F31A749699005DFA11 /* QuartzCore.framework in Frameworks */ = {isa = PBXBuildFile; fileRef = 707591F21A749699005DFA11 /* QuartzCore.framework */; };
		707591F51A74969F005DFA11 /* ImageIO.framework in Frameworks */ = {isa = PBXBuildFile; fileRef = 707591F41A74969F005DFA11 /* ImageIO.framework */; };
		708908F81A775E3E006D7B84 /* close_btn.png in Resources */ = {isa = PBXBuildFile; fileRef = 708908F71A775E3E006D7B84 /* close_btn.png */; };
		708908FD1A77851B006D7B84 /* weibo_btn.png in Resources */ = {isa = PBXBuildFile; fileRef = 708908FC1A77851B006D7B84 /* weibo_btn.png */; };
		708908FF1A7788CC006D7B84 /* wechat_btn.png in Resources */ = {isa = PBXBuildFile; fileRef = 708908FE1A7788CC006D7B84 /* wechat_btn.png */; };
		708909011A778CF4006D7B84 /* default_head.png in Resources */ = {isa = PBXBuildFile; fileRef = 708909001A778CF4006D7B84 /* default_head.png */; };
		708E1AA51A4B021100FF27A1 /* Weather.swift in Sources */ = {isa = PBXBuildFile; fileRef = 708E1AA41A4B021100FF27A1 /* Weather.swift */; };
		708E1AA71A4B035800FF27A1 /* Cloth.swift in Sources */ = {isa = PBXBuildFile; fileRef = 708E1AA61A4B035800FF27A1 /* Cloth.swift */; };
		708E1AA91A4B055700FF27A1 /* CoreLocation.framework in Frameworks */ = {isa = PBXBuildFile; fileRef = 708E1AA81A4B055700FF27A1 /* CoreLocation.framework */; };
		708E1AAB1A4B067000FF27A1 /* CoreGraphics.framework in Frameworks */ = {isa = PBXBuildFile; fileRef = 708E1AAA1A4B067000FF27A1 /* CoreGraphics.framework */; };
		708E1AAD1A4B067800FF27A1 /* Foundation.framework in Frameworks */ = {isa = PBXBuildFile; fileRef = 708E1AAC1A4B067800FF27A1 /* Foundation.framework */; };
		708E1AAF1A4B068400FF27A1 /* MobileCoreServices.framework in Frameworks */ = {isa = PBXBuildFile; fileRef = 708E1AAE1A4B068400FF27A1 /* MobileCoreServices.framework */; };
		708E1AB11A4B068C00FF27A1 /* Security.framework in Frameworks */ = {isa = PBXBuildFile; fileRef = 708E1AB01A4B068C00FF27A1 /* Security.framework */; };
		709767C61A51815200183867 /* TagToolBar.swift in Sources */ = {isa = PBXBuildFile; fileRef = 709767C51A51815200183867 /* TagToolBar.swift */; };
		709767C81A51A50500183867 /* ClothViewCell.swift in Sources */ = {isa = PBXBuildFile; fileRef = 709767C71A51A50500183867 /* ClothViewCell.swift */; };
		70A6634A1A49B75600CB2662 /* AppDelegate.swift in Sources */ = {isa = PBXBuildFile; fileRef = 70A663491A49B75600CB2662 /* AppDelegate.swift */; };
		70A663511A49B75600CB2662 /* Main.storyboard in Resources */ = {isa = PBXBuildFile; fileRef = 70A6634F1A49B75600CB2662 /* Main.storyboard */; };
		70A663531A49B75600CB2662 /* Images.xcassets in Resources */ = {isa = PBXBuildFile; fileRef = 70A663521A49B75600CB2662 /* Images.xcassets */; };
		70A663561A49B75600CB2662 /* LaunchScreen.xib in Resources */ = {isa = PBXBuildFile; fileRef = 70A663541A49B75600CB2662 /* LaunchScreen.xib */; };
		70A663621A49B75600CB2662 /* DressTests.swift in Sources */ = {isa = PBXBuildFile; fileRef = 70A663611A49B75600CB2662 /* DressTests.swift */; };
		70A663721A49BC9900CB2662 /* ClothViewController.swift in Sources */ = {isa = PBXBuildFile; fileRef = 70A6636E1A49BC9900CB2662 /* ClothViewController.swift */; };
		70A663731A49BC9900CB2662 /* FindViewController.swift in Sources */ = {isa = PBXBuildFile; fileRef = 70A6636F1A49BC9900CB2662 /* FindViewController.swift */; };
		70A663741A49BC9900CB2662 /* PersonalViewController.swift in Sources */ = {isa = PBXBuildFile; fileRef = 70A663701A49BC9900CB2662 /* PersonalViewController.swift */; };
		70A663751A49BC9900CB2662 /* WeatherViewController.swift in Sources */ = {isa = PBXBuildFile; fileRef = 70A663711A49BC9900CB2662 /* WeatherViewController.swift */; };
		70A663831A49BCE800CB2662 /* DataService.swift in Sources */ = {isa = PBXBuildFile; fileRef = 70A663811A49BCE800CB2662 /* DataService.swift */; };
		70AAD12B1A6F3D7700ADD40B /* hat_icon.png in Resources */ = {isa = PBXBuildFile; fileRef = 70AAD12A1A6F3D7700ADD40B /* hat_icon.png */; };
		70AAD12E1A6F51C700ADD40B /* shirt_icon.png in Resources */ = {isa = PBXBuildFile; fileRef = 70AAD12C1A6F51C700ADD40B /* shirt_icon.png */; };
		70AAD12F1A6F51C700ADD40B /* trousers_icon.png in Resources */ = {isa = PBXBuildFile; fileRef = 70AAD12D1A6F51C700ADD40B /* trousers_icon.png */; };
		70AAD1311A6F679400ADD40B /* weather_icon.png in Resources */ = {isa = PBXBuildFile; fileRef = 70AAD1301A6F679400ADD40B /* weather_icon.png */; };
		70AAD1331A6F694800ADD40B /* clothes_icon.png in Resources */ = {isa = PBXBuildFile; fileRef = 70AAD1321A6F694800ADD40B /* clothes_icon.png */; };
		70AAD1351A6F69F100ADD40B /* weather_selected_icon.png in Resources */ = {isa = PBXBuildFile; fileRef = 70AAD1341A6F69F100ADD40B /* weather_selected_icon.png */; };
		70AAD1371A6F6A8800ADD40B /* find_icon.png in Resources */ = {isa = PBXBuildFile; fileRef = 70AAD1361A6F6A8800ADD40B /* find_icon.png */; };
		70AAD1391A6F6B0400ADD40B /* me_icon.png in Resources */ = {isa = PBXBuildFile; fileRef = 70AAD1381A6F6B0400ADD40B /* me_icon.png */; };
		70AAD13B1A6F6D2800ADD40B /* me_icon@2x.png in Resources */ = {isa = PBXBuildFile; fileRef = 70AAD13A1A6F6D2800ADD40B /* me_icon@2x.png */; };
		70AAD13D1A6F6DA400ADD40B /* find_icon@2x.png in Resources */ = {isa = PBXBuildFile; fileRef = 70AAD13C1A6F6DA400ADD40B /* find_icon@2x.png */; };
		70AAD1401A6F6F1D00ADD40B /* clothes_icon@2x.png in Resources */ = {isa = PBXBuildFile; fileRef = 70AAD13E1A6F6F1D00ADD40B /* clothes_icon@2x.png */; };
		70AAD1411A6F6F1D00ADD40B /* weather_icon@2x.png in Resources */ = {isa = PBXBuildFile; fileRef = 70AAD13F1A6F6F1D00ADD40B /* weather_icon@2x.png */; };
		70AB758A1A4CEC4C00B9D6C2 /* NewClothViewController.swift in Sources */ = {isa = PBXBuildFile; fileRef = 70AB75891A4CEC4C00B9D6C2 /* NewClothViewController.swift */; };
		70AB75901A4D37F000B9D6C2 /* Utils.swift in Sources */ = {isa = PBXBuildFile; fileRef = 70AB758F1A4D37F000B9D6C2 /* Utils.swift */; };
		70AB75921A4D3B9A00B9D6C2 /* User.swift in Sources */ = {isa = PBXBuildFile; fileRef = 70AB75911A4D3B9A00B9D6C2 /* User.swift */; };
		70AC70181A4BBBCE00F396AA /* PickViewToolBar.swift in Sources */ = {isa = PBXBuildFile; fileRef = 70AC70171A4BBBCE00F396AA /* PickViewToolBar.swift */; };
		80683A20745D7C368D6D1046 /* libPods.a in Frameworks */ = {isa = PBXBuildFile; fileRef = 3491C2872CB1ACE1087C2CD9 /* libPods.a */; };
/* End PBXBuildFile section */

/* Begin PBXContainerItemProxy section */
		70A6635C1A49B75600CB2662 /* PBXContainerItemProxy */ = {
			isa = PBXContainerItemProxy;
			containerPortal = 70A6633C1A49B75600CB2662 /* Project object */;
			proxyType = 1;
			remoteGlobalIDString = 70A663431A49B75600CB2662;
			remoteInfo = Dress;
		};
/* End PBXContainerItemProxy section */

/* Begin PBXCopyFilesBuildPhase section */
		70631DD11A80AEED0005C555 /* CopyFiles */ = {
			isa = PBXCopyFilesBuildPhase;
			buildActionMask = 2147483647;
			dstPath = "";
			dstSubfolderSpec = 10;
			files = (
				70631DD21A80AF2A0005C555 /* Haneke.framework in CopyFiles */,
			);
			runOnlyForDeploymentPostprocessing = 0;
		};
/* End PBXCopyFilesBuildPhase section */

/* Begin PBXFileReference section */
		296AE8601D1EEA675BE5771F /* Pods.release.xcconfig */ = {isa = PBXFileReference; includeInIndex = 1; lastKnownFileType = text.xcconfig; name = Pods.release.xcconfig; path = "Pods/Target Support Files/Pods/Pods.release.xcconfig"; sourceTree = "<group>"; };
		3491C2872CB1ACE1087C2CD9 /* libPods.a */ = {isa = PBXFileReference; explicitFileType = archive.ar; includeInIndex = 0; path = libPods.a; sourceTree = BUILT_PRODUCTS_DIR; };
		7011C1B81A7B223E002AE2A8 /* SQLiteDB.swift */ = {isa = PBXFileReference; fileEncoding = 4; lastKnownFileType = sourcecode.swift; path = SQLiteDB.swift; sourceTree = "<group>"; };
		7011C1B91A7B223E002AE2A8 /* String-Extras.swift */ = {isa = PBXFileReference; fileEncoding = 4; lastKnownFileType = sourcecode.swift; path = "String-Extras.swift"; sourceTree = "<group>"; };
		7011C1BC1A7B225D002AE2A8 /* libsqlite3.0.dylib */ = {isa = PBXFileReference; lastKnownFileType = "compiled.mach-o.dylib"; name = libsqlite3.0.dylib; path = usr/lib/libsqlite3.0.dylib; sourceTree = SDKROOT; };
		7011C1C01A7B7934002AE2A8 /* InfoListItemCell.swift */ = {isa = PBXFileReference; fileEncoding = 4; lastKnownFileType = sourcecode.swift; path = InfoListItemCell.swift; sourceTree = "<group>"; };
		7011C1C51A7B8610002AE2A8 /* InfoListItemCell.xib */ = {isa = PBXFileReference; fileEncoding = 4; lastKnownFileType = file.xib; path = InfoListItemCell.xib; sourceTree = "<group>"; };
		7011C1C71A7BC451002AE2A8 /* like_icon.png */ = {isa = PBXFileReference; lastKnownFileType = image.png; path = like_icon.png; sourceTree = "<group>"; };
		7011C1C91A7BC4AD002AE2A8 /* active_like_icon.png */ = {isa = PBXFileReference; lastKnownFileType = image.png; path = active_like_icon.png; sourceTree = "<group>"; };
		7011C1CB1A7BC59B002AE2A8 /* share_icon.png */ = {isa = PBXFileReference; lastKnownFileType = image.png; path = share_icon.png; sourceTree = "<group>"; };
		70146D831A76391600D6EB4E /* weddingreality-icon.png */ = {isa = PBXFileReference; lastKnownFileType = image.png; path = "weddingreality-icon.png"; sourceTree = "<group>"; };
		70146D851A76416B00D6EB4E /* LoginViewController.swift */ = {isa = PBXFileReference; fileEncoding = 4; lastKnownFileType = sourcecode.swift; path = LoginViewController.swift; sourceTree = "<group>"; };
		70211A541A8D9CC000C0A60F /* personal_bg_0.png */ = {isa = PBXFileReference; lastKnownFileType = image.png; path = personal_bg_0.png; sourceTree = "<group>"; };
		70211A561A8DA03700C0A60F /* personal_bg_1.png */ = {isa = PBXFileReference; lastKnownFileType = image.png; path = personal_bg_1.png; sourceTree = "<group>"; };
		70211A581A8DA31B00C0A60F /* personal_bg_2.png */ = {isa = PBXFileReference; lastKnownFileType = image.png; path = personal_bg_2.png; sourceTree = "<group>"; };
		70211A5C1A8DBC5200C0A60F /* personal_bg_3.png */ = {isa = PBXFileReference; lastKnownFileType = image.png; path = personal_bg_3.png; sourceTree = "<group>"; };
		70211A601A8DC87F00C0A60F /* personal_bg_4.png */ = {isa = PBXFileReference; lastKnownFileType = image.png; path = personal_bg_4.png; sourceTree = "<group>"; };
		70211A621A8DD21D00C0A60F /* AboutViewController.swift */ = {isa = PBXFileReference; fileEncoding = 4; lastKnownFileType = sourcecode.swift; path = AboutViewController.swift; sourceTree = "<group>"; };
		70211A641A8DD52E00C0A60F /* HelpViewController.swift */ = {isa = PBXFileReference; fileEncoding = 4; lastKnownFileType = sourcecode.swift; path = HelpViewController.swift; sourceTree = "<group>"; };
		70211A661A8DD67600C0A60F /* help.html */ = {isa = PBXFileReference; fileEncoding = 4; lastKnownFileType = text.html; path = help.html; sourceTree = "<group>"; };
		70211A681A8DDABA00C0A60F /* FeedbackViewController.swift */ = {isa = PBXFileReference; fileEncoding = 4; lastKnownFileType = sourcecode.swift; path = FeedbackViewController.swift; sourceTree = "<group>"; };
		70211A6A1A8DF7D400C0A60F /* HRToast+UIView.swift */ = {isa = PBXFileReference; fileEncoding = 4; lastKnownFileType = sourcecode.swift; path = "HRToast+UIView.swift"; sourceTree = "<group>"; };
		70211A6C1A8E40DC00C0A60F /* BrandTableViewController.swift */ = {isa = PBXFileReference; fileEncoding = 4; lastKnownFileType = sourcecode.swift; path = BrandTableViewController.swift; sourceTree = "<group>"; };
		70211A6E1A8E42BC00C0A60F /* StyleTableViewController.swift */ = {isa = PBXFileReference; fileEncoding = 4; lastKnownFileType = sourcecode.swift; path = StyleTableViewController.swift; sourceTree = "<group>"; };
		702187CA1AA064580087263C /* InfoDetailViewController.swift */ = {isa = PBXFileReference; fileEncoding = 4; lastKnownFileType = sourcecode.swift; path = InfoDetailViewController.swift; sourceTree = "<group>"; };
		70272B741A7A1B6C004870C1 /* default_dress.png */ = {isa = PBXFileReference; lastKnownFileType = image.png; path = default_dress.png; sourceTree = "<group>"; };
		70272B761A7A1D2E004870C1 /* ad_banner.png */ = {isa = PBXFileReference; lastKnownFileType = image.png; path = ad_banner.png; sourceTree = "<group>"; };
		702FB5D61A99770E009693C1 /* en */ = {isa = PBXFileReference; lastKnownFileType = text.plist.strings; name = en; path = en.lproj/UMSocialLocalizable.strings; sourceTree = "<group>"; };
		702FB5D81A99770E009693C1 /* UMSocial.h */ = {isa = PBXFileReference; fileEncoding = 4; lastKnownFileType = sourcecode.c.h; path = UMSocial.h; sourceTree = "<group>"; };
		702FB5D91A99770E009693C1 /* UMSocialAccountManager.h */ = {isa = PBXFileReference; fileEncoding = 4; lastKnownFileType = sourcecode.c.h; path = UMSocialAccountManager.h; sourceTree = "<group>"; };
		702FB5DA1A99770E009693C1 /* UMSocialBar.h */ = {isa = PBXFileReference; fileEncoding = 4; lastKnownFileType = sourcecode.c.h; path = UMSocialBar.h; sourceTree = "<group>"; };
		702FB5DB1A99770E009693C1 /* UMSocialConfig.h */ = {isa = PBXFileReference; fileEncoding = 4; lastKnownFileType = sourcecode.c.h; path = UMSocialConfig.h; sourceTree = "<group>"; };
		702FB5DC1A99770E009693C1 /* UMSocialControllerService.h */ = {isa = PBXFileReference; fileEncoding = 4; lastKnownFileType = sourcecode.c.h; path = UMSocialControllerService.h; sourceTree = "<group>"; };
		702FB5DD1A99770E009693C1 /* UMSocialControllerServiceComment.h */ = {isa = PBXFileReference; fileEncoding = 4; lastKnownFileType = sourcecode.c.h; path = UMSocialControllerServiceComment.h; sourceTree = "<group>"; };
		702FB5DE1A99770E009693C1 /* UMSocialData.h */ = {isa = PBXFileReference; fileEncoding = 4; lastKnownFileType = sourcecode.c.h; path = UMSocialData.h; sourceTree = "<group>"; };
		702FB5DF1A99770E009693C1 /* UMSocialDataService.h */ = {isa = PBXFileReference; fileEncoding = 4; lastKnownFileType = sourcecode.c.h; path = UMSocialDataService.h; sourceTree = "<group>"; };
		702FB5E01A99770E009693C1 /* UMSocialSnsData.h */ = {isa = PBXFileReference; fileEncoding = 4; lastKnownFileType = sourcecode.c.h; path = UMSocialSnsData.h; sourceTree = "<group>"; };
		702FB5E11A99770E009693C1 /* UMSocialSnsPlatformManager.h */ = {isa = PBXFileReference; fileEncoding = 4; lastKnownFileType = sourcecode.c.h; path = UMSocialSnsPlatformManager.h; sourceTree = "<group>"; };
		702FB5E21A99770E009693C1 /* UMSocialSnsService.h */ = {isa = PBXFileReference; fileEncoding = 4; lastKnownFileType = sourcecode.c.h; path = UMSocialSnsService.h; sourceTree = "<group>"; };
		702FB5E31A99770E009693C1 /* libUMSocial_Sdk_4.2.1.a */ = {isa = PBXFileReference; lastKnownFileType = archive.ar; path = libUMSocial_Sdk_4.2.1.a; sourceTree = "<group>"; };
		702FB5E41A99770E009693C1 /* libUMSocial_Sdk_Comment_4.2.1.a */ = {isa = PBXFileReference; lastKnownFileType = archive.ar; path = libUMSocial_Sdk_Comment_4.2.1.a; sourceTree = "<group>"; };
		702FB5E61A99770E009693C1 /* UMSCommentDetailController.xib */ = {isa = PBXFileReference; fileEncoding = 4; lastKnownFileType = file.xib; path = UMSCommentDetailController.xib; sourceTree = "<group>"; };
		702FB5E71A99770E009693C1 /* UMSCommentInputController.xib */ = {isa = PBXFileReference; fileEncoding = 4; lastKnownFileType = file.xib; path = UMSCommentInputController.xib; sourceTree = "<group>"; };
		702FB5E81A99770E009693C1 /* UMSCommentInputControlleriPad.xib */ = {isa = PBXFileReference; fileEncoding = 4; lastKnownFileType = file.xib; path = UMSCommentInputControlleriPad.xib; sourceTree = "<group>"; };
		702FB5E91A99770E009693C1 /* UMShareEditViewController.xib */ = {isa = PBXFileReference; fileEncoding = 4; lastKnownFileType = file.xib; path = UMShareEditViewController.xib; sourceTree = "<group>"; };
		702FB5EA1A99770E009693C1 /* UMShareEditViewControlleriPad.xib */ = {isa = PBXFileReference; fileEncoding = 4; lastKnownFileType = file.xib; path = UMShareEditViewControlleriPad.xib; sourceTree = "<group>"; };
		702FB5EB1A99770E009693C1 /* UMSLoginViewController.xib */ = {isa = PBXFileReference; fileEncoding = 4; lastKnownFileType = file.xib; path = UMSLoginViewController.xib; sourceTree = "<group>"; };
		702FB5EC1A99770E009693C1 /* UMSnsAccountViewController.xib */ = {isa = PBXFileReference; fileEncoding = 4; lastKnownFileType = file.xib; path = UMSnsAccountViewController.xib; sourceTree = "<group>"; };
		702FB5ED1A99770E009693C1 /* UMSShareListController.xib */ = {isa = PBXFileReference; fileEncoding = 4; lastKnownFileType = file.xib; path = UMSShareListController.xib; sourceTree = "<group>"; };
		702FB5EE1A99770E009693C1 /* UMSocialSDKResourcesNew.bundle */ = {isa = PBXFileReference; lastKnownFileType = "wrapper.plug-in"; path = UMSocialSDKResourcesNew.bundle; sourceTree = "<group>"; };
		702FB5EF1A99770E009693C1 /* zh-Hans */ = {isa = PBXFileReference; lastKnownFileType = text.plist.strings; name = "zh-Hans"; path = "zh-Hans.lproj/UMSocialLocalizable.strings"; sourceTree = "<group>"; };
		702FB6011A9977C5009693C1 /* libSocialInstagram.a */ = {isa = PBXFileReference; lastKnownFileType = archive.ar; path = libSocialInstagram.a; sourceTree = "<group>"; };
		702FB6021A9977C5009693C1 /* UMSocialInstagramHandler.h */ = {isa = PBXFileReference; fileEncoding = 4; lastKnownFileType = sourcecode.c.h; path = UMSocialInstagramHandler.h; sourceTree = "<group>"; };
		702FB6041A9977C5009693C1 /* libSocialLaiWang.a */ = {isa = PBXFileReference; lastKnownFileType = archive.ar; path = libSocialLaiWang.a; sourceTree = "<group>"; };
		702FB6051A9977C5009693C1 /* UMSocialLaiwangHandler.h */ = {isa = PBXFileReference; fileEncoding = 4; lastKnownFileType = sourcecode.c.h; path = UMSocialLaiwangHandler.h; sourceTree = "<group>"; };
		702FB60A1A9977C5009693C1 /* libSocialSina.a */ = {isa = PBXFileReference; lastKnownFileType = archive.ar; path = libSocialSina.a; sourceTree = "<group>"; };
		702FB60B1A9977C5009693C1 /* UMSocialSinaHandler.h */ = {isa = PBXFileReference; fileEncoding = 4; lastKnownFileType = sourcecode.c.h; path = UMSocialSinaHandler.h; sourceTree = "<group>"; };
		702FB60D1A9977C5009693C1 /* libSocialQQ.a */ = {isa = PBXFileReference; lastKnownFileType = archive.ar; path = libSocialQQ.a; sourceTree = "<group>"; };
		702FB60E1A9977C5009693C1 /* TencentOpenAPI.framework */ = {isa = PBXFileReference; lastKnownFileType = wrapper.framework; path = TencentOpenAPI.framework; sourceTree = "<group>"; };
		702FB60F1A9977C5009693C1 /* TencentOpenApi_IOS_Bundle.bundle */ = {isa = PBXFileReference; lastKnownFileType = "wrapper.plug-in"; path = TencentOpenApi_IOS_Bundle.bundle; sourceTree = "<group>"; };
		702FB6101A9977C5009693C1 /* UMSocialQQHandler.h */ = {isa = PBXFileReference; fileEncoding = 4; lastKnownFileType = sourcecode.c.h; path = UMSocialQQHandler.h; sourceTree = "<group>"; };
		702FB6121A9977C5009693C1 /* libSocialTumblr.a */ = {isa = PBXFileReference; lastKnownFileType = archive.ar; path = libSocialTumblr.a; sourceTree = "<group>"; };
		702FB6131A9977C5009693C1 /* UMSocialTumblrHandler.h */ = {isa = PBXFileReference; fileEncoding = 4; lastKnownFileType = sourcecode.c.h; path = UMSocialTumblrHandler.h; sourceTree = "<group>"; };
		702FB6181A9977C5009693C1 /* ios-social-sdk-shake.html */ = {isa = PBXFileReference; fileEncoding = 4; lastKnownFileType = text.html; path = "ios-social-sdk-shake.html"; sourceTree = "<group>"; };
		702FB6191A9977C5009693C1 /* libUMSocial_Sdk_ScreenShot_1.0.a */ = {isa = PBXFileReference; lastKnownFileType = archive.ar; path = libUMSocial_Sdk_ScreenShot_1.0.a; sourceTree = "<group>"; };
		702FB61A1A9977C5009693C1 /* UMSocialScreenShoter.h */ = {isa = PBXFileReference; fileEncoding = 4; lastKnownFileType = sourcecode.c.h; path = UMSocialScreenShoter.h; sourceTree = "<group>"; };
		702FB61C1A9977C5009693C1 /* ios-social-sdk-shake.html */ = {isa = PBXFileReference; fileEncoding = 4; lastKnownFileType = text.html; path = "ios-social-sdk-shake.html"; sourceTree = "<group>"; };
		702FB61D1A9977C5009693C1 /* libUMSocial_Sdk_Shake_1.0.a */ = {isa = PBXFileReference; lastKnownFileType = archive.ar; path = libUMSocial_Sdk_Shake_1.0.a; sourceTree = "<group>"; };
		702FB61E1A9977C5009693C1 /* UMSocialShakeService.h */ = {isa = PBXFileReference; fileEncoding = 4; lastKnownFileType = sourcecode.c.h; path = UMSocialShakeService.h; sourceTree = "<group>"; };
		702FB6201A9977C5009693C1 /* libSocialWechat.a */ = {isa = PBXFileReference; lastKnownFileType = archive.ar; path = libSocialWechat.a; sourceTree = "<group>"; };
		702FB6211A9977C5009693C1 /* libWeChatSDK.a */ = {isa = PBXFileReference; lastKnownFileType = archive.ar; path = libWeChatSDK.a; sourceTree = "<group>"; };
		702FB6221A9977C5009693C1 /* UMSocialWechatHandler.h */ = {isa = PBXFileReference; fileEncoding = 4; lastKnownFileType = sourcecode.c.h; path = UMSocialWechatHandler.h; sourceTree = "<group>"; };
		702FB6231A9977C5009693C1 /* WXApi.h */ = {isa = PBXFileReference; fileEncoding = 4; lastKnownFileType = sourcecode.c.h; path = WXApi.h; sourceTree = "<group>"; };
		702FB6241A9977C5009693C1 /* WXApiObject.h */ = {isa = PBXFileReference; fileEncoding = 4; lastKnownFileType = sourcecode.c.h; path = WXApiObject.h; sourceTree = "<group>"; };
		702FB6261A9977C5009693C1 /* libSocialWhatsapp.a */ = {isa = PBXFileReference; lastKnownFileType = archive.ar; path = libSocialWhatsapp.a; sourceTree = "<group>"; };
		702FB6271A9977C5009693C1 /* UMSocialWhatsappHandler.h */ = {isa = PBXFileReference; fileEncoding = 4; lastKnownFileType = sourcecode.c.h; path = UMSocialWhatsappHandler.h; sourceTree = "<group>"; };
		702FB6291A9977C5009693C1 /* libSocialYiXin.a */ = {isa = PBXFileReference; lastKnownFileType = archive.ar; path = libSocialYiXin.a; sourceTree = "<group>"; };
		702FB62A1A9977C5009693C1 /* libYixinSDK_V2.2.a */ = {isa = PBXFileReference; lastKnownFileType = archive.ar; path = libYixinSDK_V2.2.a; sourceTree = "<group>"; };
		702FB62B1A9977C5009693C1 /* UMSocialYiXinHandler.h */ = {isa = PBXFileReference; fileEncoding = 4; lastKnownFileType = sourcecode.c.h; path = UMSocialYiXinHandler.h; sourceTree = "<group>"; };
		702FB62C1A9977C5009693C1 /* YXApi.h */ = {isa = PBXFileReference; fileEncoding = 4; lastKnownFileType = sourcecode.c.h; path = YXApi.h; sourceTree = "<group>"; };
		702FB62D1A9977C5009693C1 /* YXApiObject.h */ = {isa = PBXFileReference; fileEncoding = 4; lastKnownFileType = sourcecode.c.h; path = YXApiObject.h; sourceTree = "<group>"; };
		702FB6411A9978F3009693C1 /* libiconv.dylib */ = {isa = PBXFileReference; lastKnownFileType = "compiled.mach-o.dylib"; name = libiconv.dylib; path = usr/lib/libiconv.dylib; sourceTree = SDKROOT; };
		702FB6431A997928009693C1 /* CoreTelephony.framework */ = {isa = PBXFileReference; lastKnownFileType = wrapper.framework; name = CoreTelephony.framework; path = System/Library/Frameworks/CoreTelephony.framework; sourceTree = SDKROOT; };
		702FB6451A997939009693C1 /* libstdc++.dylib */ = {isa = PBXFileReference; lastKnownFileType = "compiled.mach-o.dylib"; name = "libstdc++.dylib"; path = "usr/lib/libstdc++.dylib"; sourceTree = SDKROOT; };
		702FB6471A997942009693C1 /* libz.dylib */ = {isa = PBXFileReference; lastKnownFileType = "compiled.mach-o.dylib"; name = libz.dylib; path = usr/lib/libz.dylib; sourceTree = SDKROOT; };
		702FB6491A9A0CB7009693C1 /* qq_icon.png */ = {isa = PBXFileReference; lastKnownFileType = image.png; path = qq_icon.png; sourceTree = "<group>"; };
		702FB64B1A9A0D08009693C1 /* qq_icon@2x.png */ = {isa = PBXFileReference; lastKnownFileType = image.png; path = "qq_icon@2x.png"; sourceTree = "<group>"; };
		703365881A4B202E0078EBEB /* UIKit.framework */ = {isa = PBXFileReference; lastKnownFileType = wrapper.framework; name = UIKit.framework; path = System/Library/Frameworks/UIKit.framework; sourceTree = SDKROOT; };
		7033658A1A4B20370078EBEB /* SystemConfiguration.framework */ = {isa = PBXFileReference; lastKnownFileType = wrapper.framework; name = SystemConfiguration.framework; path = System/Library/Frameworks/SystemConfiguration.framework; sourceTree = SDKROOT; };
		7048E4AA1A9F190100157BE0 /* AVFoundation.framework */ = {isa = PBXFileReference; lastKnownFileType = wrapper.framework; name = AVFoundation.framework; path = System/Library/Frameworks/AVFoundation.framework; sourceTree = SDKROOT; };
		7048E4AC1A9F190800157BE0 /* AudioToolbox.framework */ = {isa = PBXFileReference; lastKnownFileType = wrapper.framework; name = AudioToolbox.framework; path = System/Library/Frameworks/AudioToolbox.framework; sourceTree = SDKROOT; };
		7048E4AE1A9F190D00157BE0 /* MessageUI.framework */ = {isa = PBXFileReference; lastKnownFileType = wrapper.framework; name = MessageUI.framework; path = System/Library/Frameworks/MessageUI.framework; sourceTree = SDKROOT; };
		7048E4B01A9F191200157BE0 /* StoreKit.framework */ = {isa = PBXFileReference; lastKnownFileType = wrapper.framework; name = StoreKit.framework; path = System/Library/Frameworks/StoreKit.framework; sourceTree = SDKROOT; };
		7048E4B21A9F192400157BE0 /* AdSupport.framework */ = {isa = PBXFileReference; lastKnownFileType = wrapper.framework; name = AdSupport.framework; path = System/Library/Frameworks/AdSupport.framework; sourceTree = SDKROOT; };
		7050A9DF1A80A6180024523D /* Haneke.framework */ = {isa = PBXFileReference; lastKnownFileType = wrapper.framework; name = Haneke.framework; path = "../../Library/Developer/Xcode/DerivedData/Dress-aelsyudqwsethzfenehvqbylrfef/Build/Products/Debug-iphoneos/Haneke.framework"; sourceTree = "<group>"; };
		7067E7C71A694E4000E143D1 /* WeatherView.swift */ = {isa = PBXFileReference; fileEncoding = 4; lastKnownFileType = sourcecode.swift; path = WeatherView.swift; sourceTree = "<group>"; };
		7067E7C91A696F4C00E143D1 /* RulerViewBar.swift */ = {isa = PBXFileReference; fileEncoding = 4; lastKnownFileType = sourcecode.swift; path = RulerViewBar.swift; sourceTree = "<group>"; };
		707591E51A748C9C005DFA11 /* libWeiboSDK.a */ = {isa = PBXFileReference; lastKnownFileType = archive.ar; path = libWeiboSDK.a; sourceTree = "<group>"; };
		707591E61A748C9C005DFA11 /* WBHttpRequest+WeiboShare.h */ = {isa = PBXFileReference; fileEncoding = 4; lastKnownFileType = sourcecode.c.h; path = "WBHttpRequest+WeiboShare.h"; sourceTree = "<group>"; };
		707591E71A748C9C005DFA11 /* WBHttpRequest+WeiboToken.h */ = {isa = PBXFileReference; fileEncoding = 4; lastKnownFileType = sourcecode.c.h; path = "WBHttpRequest+WeiboToken.h"; sourceTree = "<group>"; };
		707591E81A748C9C005DFA11 /* WBHttpRequest+WeiboUser.h */ = {isa = PBXFileReference; fileEncoding = 4; lastKnownFileType = sourcecode.c.h; path = "WBHttpRequest+WeiboUser.h"; sourceTree = "<group>"; };
		707591E91A748C9C005DFA11 /* WBHttpRequest.h */ = {isa = PBXFileReference; fileEncoding = 4; lastKnownFileType = sourcecode.c.h; path = WBHttpRequest.h; sourceTree = "<group>"; };
		707591EA1A748C9C005DFA11 /* WBSDKBasicButton.h */ = {isa = PBXFileReference; fileEncoding = 4; lastKnownFileType = sourcecode.c.h; path = WBSDKBasicButton.h; sourceTree = "<group>"; };
		707591EB1A748C9C005DFA11 /* WBSDKCommentButton.h */ = {isa = PBXFileReference; fileEncoding = 4; lastKnownFileType = sourcecode.c.h; path = WBSDKCommentButton.h; sourceTree = "<group>"; };
		707591EC1A748C9C005DFA11 /* WBSDKRelationshipButton.h */ = {isa = PBXFileReference; fileEncoding = 4; lastKnownFileType = sourcecode.c.h; path = WBSDKRelationshipButton.h; sourceTree = "<group>"; };
		707591ED1A748C9C005DFA11 /* WeiboSDK.bundle */ = {isa = PBXFileReference; lastKnownFileType = "wrapper.plug-in"; path = WeiboSDK.bundle; sourceTree = "<group>"; };
		707591EE1A748C9C005DFA11 /* WeiboSDK.h */ = {isa = PBXFileReference; fileEncoding = 4; lastKnownFileType = sourcecode.c.h; path = WeiboSDK.h; sourceTree = "<group>"; };
		707591EF1A748C9C005DFA11 /* WeiboUser.h */ = {isa = PBXFileReference; fileEncoding = 4; lastKnownFileType = sourcecode.c.h; path = WeiboUser.h; sourceTree = "<group>"; };
		707591F21A749699005DFA11 /* QuartzCore.framework */ = {isa = PBXFileReference; lastKnownFileType = wrapper.framework; name = QuartzCore.framework; path = System/Library/Frameworks/QuartzCore.framework; sourceTree = SDKROOT; };
		707591F41A74969F005DFA11 /* ImageIO.framework */ = {isa = PBXFileReference; lastKnownFileType = wrapper.framework; name = ImageIO.framework; path = System/Library/Frameworks/ImageIO.framework; sourceTree = SDKROOT; };
		708908F71A775E3E006D7B84 /* close_btn.png */ = {isa = PBXFileReference; lastKnownFileType = image.png; path = close_btn.png; sourceTree = "<group>"; };
		708908FC1A77851B006D7B84 /* weibo_btn.png */ = {isa = PBXFileReference; lastKnownFileType = image.png; path = weibo_btn.png; sourceTree = "<group>"; };
		708908FE1A7788CC006D7B84 /* wechat_btn.png */ = {isa = PBXFileReference; lastKnownFileType = image.png; path = wechat_btn.png; sourceTree = "<group>"; };
		708909001A778CF4006D7B84 /* default_head.png */ = {isa = PBXFileReference; lastKnownFileType = image.png; path = default_head.png; sourceTree = "<group>"; };
		708E1AA41A4B021100FF27A1 /* Weather.swift */ = {isa = PBXFileReference; fileEncoding = 4; lastKnownFileType = sourcecode.swift; path = Weather.swift; sourceTree = "<group>"; };
		708E1AA61A4B035800FF27A1 /* Cloth.swift */ = {isa = PBXFileReference; fileEncoding = 4; lastKnownFileType = sourcecode.swift; path = Cloth.swift; sourceTree = "<group>"; };
		708E1AA81A4B055700FF27A1 /* CoreLocation.framework */ = {isa = PBXFileReference; lastKnownFileType = wrapper.framework; name = CoreLocation.framework; path = System/Library/Frameworks/CoreLocation.framework; sourceTree = SDKROOT; };
		708E1AAA1A4B067000FF27A1 /* CoreGraphics.framework */ = {isa = PBXFileReference; lastKnownFileType = wrapper.framework; name = CoreGraphics.framework; path = System/Library/Frameworks/CoreGraphics.framework; sourceTree = SDKROOT; };
		708E1AAC1A4B067800FF27A1 /* Foundation.framework */ = {isa = PBXFileReference; lastKnownFileType = wrapper.framework; name = Foundation.framework; path = System/Library/Frameworks/Foundation.framework; sourceTree = SDKROOT; };
		708E1AAE1A4B068400FF27A1 /* MobileCoreServices.framework */ = {isa = PBXFileReference; lastKnownFileType = wrapper.framework; name = MobileCoreServices.framework; path = System/Library/Frameworks/MobileCoreServices.framework; sourceTree = SDKROOT; };
		708E1AB01A4B068C00FF27A1 /* Security.framework */ = {isa = PBXFileReference; lastKnownFileType = wrapper.framework; name = Security.framework; path = System/Library/Frameworks/Security.framework; sourceTree = SDKROOT; };
		709767C51A51815200183867 /* TagToolBar.swift */ = {isa = PBXFileReference; fileEncoding = 4; lastKnownFileType = sourcecode.swift; path = TagToolBar.swift; sourceTree = "<group>"; };
		709767C71A51A50500183867 /* ClothViewCell.swift */ = {isa = PBXFileReference; fileEncoding = 4; lastKnownFileType = sourcecode.swift; path = ClothViewCell.swift; sourceTree = "<group>"; };
		70A663441A49B75600CB2662 /* Dress.app */ = {isa = PBXFileReference; explicitFileType = wrapper.application; includeInIndex = 0; path = Dress.app; sourceTree = BUILT_PRODUCTS_DIR; };
		70A663481A49B75600CB2662 /* Info.plist */ = {isa = PBXFileReference; lastKnownFileType = text.plist.xml; path = Info.plist; sourceTree = "<group>"; };
		70A663491A49B75600CB2662 /* AppDelegate.swift */ = {isa = PBXFileReference; lastKnownFileType = sourcecode.swift; path = AppDelegate.swift; sourceTree = "<group>"; };
		70A663501A49B75600CB2662 /* Base */ = {isa = PBXFileReference; lastKnownFileType = file.storyboard; name = Base; path = Base.lproj/Main.storyboard; sourceTree = "<group>"; };
		70A663521A49B75600CB2662 /* Images.xcassets */ = {isa = PBXFileReference; lastKnownFileType = folder.assetcatalog; path = Images.xcassets; sourceTree = "<group>"; };
		70A663551A49B75600CB2662 /* Base */ = {isa = PBXFileReference; lastKnownFileType = file.xib; name = Base; path = Base.lproj/LaunchScreen.xib; sourceTree = "<group>"; };
		70A6635B1A49B75600CB2662 /* DressTests.xctest */ = {isa = PBXFileReference; explicitFileType = wrapper.cfbundle; includeInIndex = 0; path = DressTests.xctest; sourceTree = BUILT_PRODUCTS_DIR; };
		70A663601A49B75600CB2662 /* Info.plist */ = {isa = PBXFileReference; lastKnownFileType = text.plist.xml; path = Info.plist; sourceTree = "<group>"; };
		70A663611A49B75600CB2662 /* DressTests.swift */ = {isa = PBXFileReference; lastKnownFileType = sourcecode.swift; path = DressTests.swift; sourceTree = "<group>"; };
		70A6636B1A49B78200CB2662 /* Dress-Bridging-Header.h */ = {isa = PBXFileReference; lastKnownFileType = sourcecode.c.h; path = "Dress-Bridging-Header.h"; sourceTree = "<group>"; };
		70A6636E1A49BC9900CB2662 /* ClothViewController.swift */ = {isa = PBXFileReference; fileEncoding = 4; lastKnownFileType = sourcecode.swift; path = ClothViewController.swift; sourceTree = "<group>"; };
		70A6636F1A49BC9900CB2662 /* FindViewController.swift */ = {isa = PBXFileReference; fileEncoding = 4; lastKnownFileType = sourcecode.swift; path = FindViewController.swift; sourceTree = "<group>"; };
		70A663701A49BC9900CB2662 /* PersonalViewController.swift */ = {isa = PBXFileReference; fileEncoding = 4; lastKnownFileType = sourcecode.swift; path = PersonalViewController.swift; sourceTree = "<group>"; };
		70A663711A49BC9900CB2662 /* WeatherViewController.swift */ = {isa = PBXFileReference; fileEncoding = 4; lastKnownFileType = sourcecode.swift; path = WeatherViewController.swift; sourceTree = "<group>"; };
		70A663811A49BCE800CB2662 /* DataService.swift */ = {isa = PBXFileReference; fileEncoding = 4; lastKnownFileType = sourcecode.swift; path = DataService.swift; sourceTree = "<group>"; };
		70AAD12A1A6F3D7700ADD40B /* hat_icon.png */ = {isa = PBXFileReference; lastKnownFileType = image.png; path = hat_icon.png; sourceTree = "<group>"; };
		70AAD12C1A6F51C700ADD40B /* shirt_icon.png */ = {isa = PBXFileReference; lastKnownFileType = image.png; path = shirt_icon.png; sourceTree = "<group>"; };
		70AAD12D1A6F51C700ADD40B /* trousers_icon.png */ = {isa = PBXFileReference; lastKnownFileType = image.png; path = trousers_icon.png; sourceTree = "<group>"; };
		70AAD1301A6F679400ADD40B /* weather_icon.png */ = {isa = PBXFileReference; lastKnownFileType = image.png; path = weather_icon.png; sourceTree = "<group>"; };
		70AAD1321A6F694800ADD40B /* clothes_icon.png */ = {isa = PBXFileReference; lastKnownFileType = image.png; path = clothes_icon.png; sourceTree = "<group>"; };
		70AAD1341A6F69F100ADD40B /* weather_selected_icon.png */ = {isa = PBXFileReference; lastKnownFileType = image.png; path = weather_selected_icon.png; sourceTree = "<group>"; };
		70AAD1361A6F6A8800ADD40B /* find_icon.png */ = {isa = PBXFileReference; lastKnownFileType = image.png; path = find_icon.png; sourceTree = "<group>"; };
		70AAD1381A6F6B0400ADD40B /* me_icon.png */ = {isa = PBXFileReference; lastKnownFileType = image.png; path = me_icon.png; sourceTree = "<group>"; };
		70AAD13A1A6F6D2800ADD40B /* me_icon@2x.png */ = {isa = PBXFileReference; lastKnownFileType = image.png; path = "me_icon@2x.png"; sourceTree = "<group>"; };
		70AAD13C1A6F6DA400ADD40B /* find_icon@2x.png */ = {isa = PBXFileReference; lastKnownFileType = image.png; path = "find_icon@2x.png"; sourceTree = "<group>"; };
		70AAD13E1A6F6F1D00ADD40B /* clothes_icon@2x.png */ = {isa = PBXFileReference; lastKnownFileType = image.png; path = "clothes_icon@2x.png"; sourceTree = "<group>"; };
		70AAD13F1A6F6F1D00ADD40B /* weather_icon@2x.png */ = {isa = PBXFileReference; lastKnownFileType = image.png; path = "weather_icon@2x.png"; sourceTree = "<group>"; };
		70AB75891A4CEC4C00B9D6C2 /* NewClothViewController.swift */ = {isa = PBXFileReference; fileEncoding = 4; lastKnownFileType = sourcecode.swift; path = NewClothViewController.swift; sourceTree = "<group>"; };
		70AB758F1A4D37F000B9D6C2 /* Utils.swift */ = {isa = PBXFileReference; fileEncoding = 4; lastKnownFileType = sourcecode.swift; path = Utils.swift; sourceTree = "<group>"; };
		70AB75911A4D3B9A00B9D6C2 /* User.swift */ = {isa = PBXFileReference; fileEncoding = 4; lastKnownFileType = sourcecode.swift; path = User.swift; sourceTree = "<group>"; };
		70AC70171A4BBBCE00F396AA /* PickViewToolBar.swift */ = {isa = PBXFileReference; fileEncoding = 4; lastKnownFileType = sourcecode.swift; path = PickViewToolBar.swift; sourceTree = "<group>"; };
		B21546195A97146D5333C122 /* Pods.debug.xcconfig */ = {isa = PBXFileReference; includeInIndex = 1; lastKnownFileType = text.xcconfig; name = Pods.debug.xcconfig; path = "Pods/Target Support Files/Pods/Pods.debug.xcconfig"; sourceTree = "<group>"; };
/* End PBXFileReference section */

/* Begin PBXFrameworksBuildPhase section */
		70A663411A49B75600CB2662 /* Frameworks */ = {
			isa = PBXFrameworksBuildPhase;
			buildActionMask = 2147483647;
			files = (
				7048E4B31A9F192400157BE0 /* AdSupport.framework in Frameworks */,
				708E1AAB1A4B067000FF27A1 /* CoreGraphics.framework in Frameworks */,
				7048E4B11A9F191200157BE0 /* StoreKit.framework in Frameworks */,
				7048E4AF1A9F190D00157BE0 /* MessageUI.framework in Frameworks */,
				7048E4AD1A9F190800157BE0 /* AudioToolbox.framework in Frameworks */,
				7048E4AB1A9F190100157BE0 /* AVFoundation.framework in Frameworks */,
				7033658B1A4B20370078EBEB /* SystemConfiguration.framework in Frameworks */,
				702FB6481A997942009693C1 /* libz.dylib in Frameworks */,
				702FB6461A997939009693C1 /* libstdc++.dylib in Frameworks */,
				702FB6441A997928009693C1 /* CoreTelephony.framework in Frameworks */,
				702FB6421A9978F3009693C1 /* libiconv.dylib in Frameworks */,
				702FB6301A9977C6009693C1 /* libSocialLaiWang.a in Frameworks */,
				70631DD01A80AEE90005C555 /* Haneke.framework in Frameworks */,
				702FB6401A9977C6009693C1 /* libYixinSDK_V2.2.a in Frameworks */,
				702FB63F1A9977C6009693C1 /* libSocialYiXin.a in Frameworks */,
				7011C1BD1A7B225D002AE2A8 /* libsqlite3.0.dylib in Frameworks */,
				707591F51A74969F005DFA11 /* ImageIO.framework in Frameworks */,
				707591F31A749699005DFA11 /* QuartzCore.framework in Frameworks */,
				702FB62F1A9977C5009693C1 /* libSocialInstagram.a in Frameworks */,
				702FB6321A9977C6009693C1 /* libSocialSina.a in Frameworks */,
				703365891A4B202E0078EBEB /* UIKit.framework in Frameworks */,
				708E1AB11A4B068C00FF27A1 /* Security.framework in Frameworks */,
				708E1AAF1A4B068400FF27A1 /* MobileCoreServices.framework in Frameworks */,
				702FB63E1A9977C6009693C1 /* libSocialWhatsapp.a in Frameworks */,
				707591F01A748C9C005DFA11 /* libWeiboSDK.a in Frameworks */,
				702FB6331A9977C6009693C1 /* libSocialQQ.a in Frameworks */,
				708E1AAD1A4B067800FF27A1 /* Foundation.framework in Frameworks */,
				702FB63D1A9977C6009693C1 /* libWeChatSDK.a in Frameworks */,
				702FB6391A9977C6009693C1 /* libUMSocial_Sdk_ScreenShot_1.0.a in Frameworks */,
				708E1AA91A4B055700FF27A1 /* CoreLocation.framework in Frameworks */,
				702FB6361A9977C6009693C1 /* libSocialTumblr.a in Frameworks */,
				80683A20745D7C368D6D1046 /* libPods.a in Frameworks */,
				702FB5F11A99770E009693C1 /* libUMSocial_Sdk_4.2.1.a in Frameworks */,
				702FB6341A9977C6009693C1 /* TencentOpenAPI.framework in Frameworks */,
				702FB63B1A9977C6009693C1 /* libUMSocial_Sdk_Shake_1.0.a in Frameworks */,
				702FB63C1A9977C6009693C1 /* libSocialWechat.a in Frameworks */,
				702FB5F21A99770E009693C1 /* libUMSocial_Sdk_Comment_4.2.1.a in Frameworks */,
			);
			runOnlyForDeploymentPostprocessing = 0;
		};
		70A663581A49B75600CB2662 /* Frameworks */ = {
			isa = PBXFrameworksBuildPhase;
			buildActionMask = 2147483647;
			files = (
			);
			runOnlyForDeploymentPostprocessing = 0;
		};
/* End PBXFrameworksBuildPhase section */

/* Begin PBXGroup section */
		7011C1C21A7B855B002AE2A8 /* CustomView */ = {
			isa = PBXGroup;
			children = (
				7011C1C51A7B8610002AE2A8 /* InfoListItemCell.xib */,
			);
			name = CustomView;
			sourceTree = "<group>";
		};
		70211A531A8D9CC000C0A60F /* images */ = {
			isa = PBXGroup;
			children = (
				702FB64B1A9A0D08009693C1 /* qq_icon@2x.png */,
				702FB6491A9A0CB7009693C1 /* qq_icon.png */,
				70211A601A8DC87F00C0A60F /* personal_bg_4.png */,
				70211A5C1A8DBC5200C0A60F /* personal_bg_3.png */,
				70211A581A8DA31B00C0A60F /* personal_bg_2.png */,
				70211A561A8DA03700C0A60F /* personal_bg_1.png */,
				70211A541A8D9CC000C0A60F /* personal_bg_0.png */,
			);
			path = images;
			sourceTree = "<group>";
		};
		702FB5D41A99770E009693C1 /* UMSocial_Sdk_4.2.1 */ = {
			isa = PBXGroup;
			children = (
				702FB5FC1A9977C5009693C1 /* UMSocial_Sdk_Extra_Frameworks */,
				702FB5D51A99770E009693C1 /* UMSocialLocalizable.strings */,
				702FB5D71A99770E009693C1 /* Header */,
				702FB5E31A99770E009693C1 /* libUMSocial_Sdk_4.2.1.a */,
				702FB5E41A99770E009693C1 /* libUMSocial_Sdk_Comment_4.2.1.a */,
				702FB5E51A99770E009693C1 /* SocialSDKXib */,
				702FB5EE1A99770E009693C1 /* UMSocialSDKResourcesNew.bundle */,
			);
			path = UMSocial_Sdk_4.2.1;
			sourceTree = "<group>";
		};
		702FB5D71A99770E009693C1 /* Header */ = {
			isa = PBXGroup;
			children = (
				702FB5D81A99770E009693C1 /* UMSocial.h */,
				702FB5D91A99770E009693C1 /* UMSocialAccountManager.h */,
				702FB5DA1A99770E009693C1 /* UMSocialBar.h */,
				702FB5DB1A99770E009693C1 /* UMSocialConfig.h */,
				702FB5DC1A99770E009693C1 /* UMSocialControllerService.h */,
				702FB5DD1A99770E009693C1 /* UMSocialControllerServiceComment.h */,
				702FB5DE1A99770E009693C1 /* UMSocialData.h */,
				702FB5DF1A99770E009693C1 /* UMSocialDataService.h */,
				702FB5E01A99770E009693C1 /* UMSocialSnsData.h */,
				702FB5E11A99770E009693C1 /* UMSocialSnsPlatformManager.h */,
				702FB5E21A99770E009693C1 /* UMSocialSnsService.h */,
			);
			path = Header;
			sourceTree = "<group>";
		};
		702FB5E51A99770E009693C1 /* SocialSDKXib */ = {
			isa = PBXGroup;
			children = (
				702FB5E61A99770E009693C1 /* UMSCommentDetailController.xib */,
				702FB5E71A99770E009693C1 /* UMSCommentInputController.xib */,
				702FB5E81A99770E009693C1 /* UMSCommentInputControlleriPad.xib */,
				702FB5E91A99770E009693C1 /* UMShareEditViewController.xib */,
				702FB5EA1A99770E009693C1 /* UMShareEditViewControlleriPad.xib */,
				702FB5EB1A99770E009693C1 /* UMSLoginViewController.xib */,
				702FB5EC1A99770E009693C1 /* UMSnsAccountViewController.xib */,
				702FB5ED1A99770E009693C1 /* UMSShareListController.xib */,
			);
			path = SocialSDKXib;
			sourceTree = "<group>";
		};
		702FB5FC1A9977C5009693C1 /* UMSocial_Sdk_Extra_Frameworks */ = {
			isa = PBXGroup;
			children = (
				702FB6001A9977C5009693C1 /* Instagram */,
				702FB6031A9977C5009693C1 /* LaiWang */,
				702FB6091A9977C5009693C1 /* Sina */,
				702FB60C1A9977C5009693C1 /* TencentOpenAPI */,
				702FB6111A9977C5009693C1 /* Tumblr */,
				702FB6171A9977C5009693C1 /* UMSocial_ScreenShot_Sdk */,
				702FB61B1A9977C5009693C1 /* UMSocial_Shake_Sdk */,
				702FB61F1A9977C5009693C1 /* Wechat */,
				702FB6251A9977C5009693C1 /* Whatsapp */,
				702FB6281A9977C5009693C1 /* YiXin */,
			);
			path = UMSocial_Sdk_Extra_Frameworks;
			sourceTree = "<group>";
		};
		702FB6001A9977C5009693C1 /* Instagram */ = {
			isa = PBXGroup;
			children = (
				702FB6011A9977C5009693C1 /* libSocialInstagram.a */,
				702FB6021A9977C5009693C1 /* UMSocialInstagramHandler.h */,
			);
			path = Instagram;
			sourceTree = "<group>";
		};
		702FB6031A9977C5009693C1 /* LaiWang */ = {
			isa = PBXGroup;
			children = (
				702FB6041A9977C5009693C1 /* libSocialLaiWang.a */,
				702FB6051A9977C5009693C1 /* UMSocialLaiwangHandler.h */,
			);
			path = LaiWang;
			sourceTree = "<group>";
		};
		702FB6091A9977C5009693C1 /* Sina */ = {
			isa = PBXGroup;
			children = (
				702FB60A1A9977C5009693C1 /* libSocialSina.a */,
				702FB60B1A9977C5009693C1 /* UMSocialSinaHandler.h */,
			);
			path = Sina;
			sourceTree = "<group>";
		};
		702FB60C1A9977C5009693C1 /* TencentOpenAPI */ = {
			isa = PBXGroup;
			children = (
				702FB60D1A9977C5009693C1 /* libSocialQQ.a */,
				702FB60E1A9977C5009693C1 /* TencentOpenAPI.framework */,
				702FB60F1A9977C5009693C1 /* TencentOpenApi_IOS_Bundle.bundle */,
				702FB6101A9977C5009693C1 /* UMSocialQQHandler.h */,
			);
			path = TencentOpenAPI;
			sourceTree = "<group>";
		};
		702FB6111A9977C5009693C1 /* Tumblr */ = {
			isa = PBXGroup;
			children = (
				702FB6121A9977C5009693C1 /* libSocialTumblr.a */,
				702FB6131A9977C5009693C1 /* UMSocialTumblrHandler.h */,
			);
			path = Tumblr;
			sourceTree = "<group>";
		};
		702FB6171A9977C5009693C1 /* UMSocial_ScreenShot_Sdk */ = {
			isa = PBXGroup;
			children = (
				702FB6181A9977C5009693C1 /* ios-social-sdk-shake.html */,
				702FB6191A9977C5009693C1 /* libUMSocial_Sdk_ScreenShot_1.0.a */,
				702FB61A1A9977C5009693C1 /* UMSocialScreenShoter.h */,
			);
			path = UMSocial_ScreenShot_Sdk;
			sourceTree = "<group>";
		};
		702FB61B1A9977C5009693C1 /* UMSocial_Shake_Sdk */ = {
			isa = PBXGroup;
			children = (
				702FB61C1A9977C5009693C1 /* ios-social-sdk-shake.html */,
				702FB61D1A9977C5009693C1 /* libUMSocial_Sdk_Shake_1.0.a */,
				702FB61E1A9977C5009693C1 /* UMSocialShakeService.h */,
			);
			path = UMSocial_Shake_Sdk;
			sourceTree = "<group>";
		};
		702FB61F1A9977C5009693C1 /* Wechat */ = {
			isa = PBXGroup;
			children = (
				702FB6201A9977C5009693C1 /* libSocialWechat.a */,
				702FB6211A9977C5009693C1 /* libWeChatSDK.a */,
				702FB6221A9977C5009693C1 /* UMSocialWechatHandler.h */,
				702FB6231A9977C5009693C1 /* WXApi.h */,
				702FB6241A9977C5009693C1 /* WXApiObject.h */,
			);
			path = Wechat;
			sourceTree = "<group>";
		};
		702FB6251A9977C5009693C1 /* Whatsapp */ = {
			isa = PBXGroup;
			children = (
				702FB6261A9977C5009693C1 /* libSocialWhatsapp.a */,
				702FB6271A9977C5009693C1 /* UMSocialWhatsappHandler.h */,
			);
			path = Whatsapp;
			sourceTree = "<group>";
		};
		702FB6281A9977C5009693C1 /* YiXin */ = {
			isa = PBXGroup;
			children = (
				702FB6291A9977C5009693C1 /* libSocialYiXin.a */,
				702FB62A1A9977C5009693C1 /* libYixinSDK_V2.2.a */,
				702FB62B1A9977C5009693C1 /* UMSocialYiXinHandler.h */,
				702FB62C1A9977C5009693C1 /* YXApi.h */,
				702FB62D1A9977C5009693C1 /* YXApiObject.h */,
			);
			path = YiXin;
			sourceTree = "<group>";
		};
		707591E41A748C9C005DFA11 /* libWeiboSDK */ = {
			isa = PBXGroup;
			children = (
				707591E51A748C9C005DFA11 /* libWeiboSDK.a */,
				707591E61A748C9C005DFA11 /* WBHttpRequest+WeiboShare.h */,
				707591E71A748C9C005DFA11 /* WBHttpRequest+WeiboToken.h */,
				707591E81A748C9C005DFA11 /* WBHttpRequest+WeiboUser.h */,
				707591E91A748C9C005DFA11 /* WBHttpRequest.h */,
				707591EA1A748C9C005DFA11 /* WBSDKBasicButton.h */,
				707591EB1A748C9C005DFA11 /* WBSDKCommentButton.h */,
				707591EC1A748C9C005DFA11 /* WBSDKRelationshipButton.h */,
				707591ED1A748C9C005DFA11 /* WeiboSDK.bundle */,
				707591EE1A748C9C005DFA11 /* WeiboSDK.h */,
				707591EF1A748C9C005DFA11 /* WeiboUser.h */,
			);
			path = libWeiboSDK;
			sourceTree = "<group>";
		};
		708E1AA31A4B01F400FF27A1 /* Models */ = {
			isa = PBXGroup;
			children = (
				708E1AA41A4B021100FF27A1 /* Weather.swift */,
				708E1AA61A4B035800FF27A1 /* Cloth.swift */,
				70AB75911A4D3B9A00B9D6C2 /* User.swift */,
			);
			name = Models;
			sourceTree = "<group>";
		};
		70A6633B1A49B75600CB2662 = {
			isa = PBXGroup;
			children = (
				70A663461A49B75600CB2662 /* Dress */,
				70A6635E1A49B75600CB2662 /* DressTests */,
				70A663451A49B75600CB2662 /* Products */,
				E5BA68C64251ED873BAAB695 /* Pods */,
				89277E932F2A70B1BE8B1753 /* Frameworks */,
			);
			sourceTree = "<group>";
		};
		70A663451A49B75600CB2662 /* Products */ = {
			isa = PBXGroup;
			children = (
				70A663441A49B75600CB2662 /* Dress.app */,
				70A6635B1A49B75600CB2662 /* DressTests.xctest */,
			);
			name = Products;
			sourceTree = "<group>";
		};
		70A663461A49B75600CB2662 /* Dress */ = {
			isa = PBXGroup;
			children = (
				702FB5D41A99770E009693C1 /* UMSocial_Sdk_4.2.1 */,
				7011C1C21A7B855B002AE2A8 /* CustomView */,
				707591E41A748C9C005DFA11 /* libWeiboSDK */,
				708E1AA31A4B01F400FF27A1 /* Models */,
				70A663801A49BCCF00CB2662 /* Utils */,
				70A663761A49BCA200CB2662 /* Resources */,
				70A6636E1A49BC9900CB2662 /* ClothViewController.swift */,
				70AB75891A4CEC4C00B9D6C2 /* NewClothViewController.swift */,
				70146D851A76416B00D6EB4E /* LoginViewController.swift */,
				70A6636F1A49BC9900CB2662 /* FindViewController.swift */,
				70A663701A49BC9900CB2662 /* PersonalViewController.swift */,
				70A663711A49BC9900CB2662 /* WeatherViewController.swift */,
				70A663491A49B75600CB2662 /* AppDelegate.swift */,
				70A6634F1A49B75600CB2662 /* Main.storyboard */,
				70A663521A49B75600CB2662 /* Images.xcassets */,
				70A663541A49B75600CB2662 /* LaunchScreen.xib */,
				70A663471A49B75600CB2662 /* Supporting Files */,
				70A6636B1A49B78200CB2662 /* Dress-Bridging-Header.h */,
				70211A621A8DD21D00C0A60F /* AboutViewController.swift */,
				70211A641A8DD52E00C0A60F /* HelpViewController.swift */,
				70211A681A8DDABA00C0A60F /* FeedbackViewController.swift */,
				70211A6C1A8E40DC00C0A60F /* BrandTableViewController.swift */,
				70211A6E1A8E42BC00C0A60F /* StyleTableViewController.swift */,
				702187CA1AA064580087263C /* InfoDetailViewController.swift */,
			);
			path = Dress;
			sourceTree = "<group>";
		};
		70A663471A49B75600CB2662 /* Supporting Files */ = {
			isa = PBXGroup;
			children = (
				70A663481A49B75600CB2662 /* Info.plist */,
			);
			name = "Supporting Files";
			sourceTree = "<group>";
		};
		70A6635E1A49B75600CB2662 /* DressTests */ = {
			isa = PBXGroup;
			children = (
				70A663611A49B75600CB2662 /* DressTests.swift */,
				70A6635F1A49B75600CB2662 /* Supporting Files */,
			);
			path = DressTests;
			sourceTree = "<group>";
		};
		70A6635F1A49B75600CB2662 /* Supporting Files */ = {
			isa = PBXGroup;
			children = (
				70A663601A49B75600CB2662 /* Info.plist */,
			);
			name = "Supporting Files";
			sourceTree = "<group>";
		};
		70A663761A49BCA200CB2662 /* Resources */ = {
			isa = PBXGroup;
			children = (
				70211A531A8D9CC000C0A60F /* images */,
				70A663771A49BCAF00CB2662 /* Images */,
				70211A661A8DD67600C0A60F /* help.html */,
			);
			name = Resources;
			sourceTree = "<group>";
		};
		70A663771A49BCAF00CB2662 /* Images */ = {
			isa = PBXGroup;
			children = (
				7011C1CB1A7BC59B002AE2A8 /* share_icon.png */,
				7011C1C91A7BC4AD002AE2A8 /* active_like_icon.png */,
				7011C1C71A7BC451002AE2A8 /* like_icon.png */,
				70272B761A7A1D2E004870C1 /* ad_banner.png */,
				70272B741A7A1B6C004870C1 /* default_dress.png */,
				708909001A778CF4006D7B84 /* default_head.png */,
				708908FE1A7788CC006D7B84 /* wechat_btn.png */,
				708908FC1A77851B006D7B84 /* weibo_btn.png */,
				708908F71A775E3E006D7B84 /* close_btn.png */,
				70146D831A76391600D6EB4E /* weddingreality-icon.png */,
				70AAD13E1A6F6F1D00ADD40B /* clothes_icon@2x.png */,
				70AAD13F1A6F6F1D00ADD40B /* weather_icon@2x.png */,
				70AAD13C1A6F6DA400ADD40B /* find_icon@2x.png */,
				70AAD13A1A6F6D2800ADD40B /* me_icon@2x.png */,
				70AAD1381A6F6B0400ADD40B /* me_icon.png */,
				70AAD1361A6F6A8800ADD40B /* find_icon.png */,
				70AAD1341A6F69F100ADD40B /* weather_selected_icon.png */,
				70AAD1321A6F694800ADD40B /* clothes_icon.png */,
				70AAD1301A6F679400ADD40B /* weather_icon.png */,
				70AAD12C1A6F51C700ADD40B /* shirt_icon.png */,
				70AAD12D1A6F51C700ADD40B /* trousers_icon.png */,
				70AAD12A1A6F3D7700ADD40B /* hat_icon.png */,
			);
			name = Images;
			sourceTree = "<group>";
		};
		70A663801A49BCCF00CB2662 /* Utils */ = {
			isa = PBXGroup;
			children = (
				70211A6A1A8DF7D400C0A60F /* HRToast+UIView.swift */,
				7011C1B81A7B223E002AE2A8 /* SQLiteDB.swift */,
				7011C1B91A7B223E002AE2A8 /* String-Extras.swift */,
				70A663811A49BCE800CB2662 /* DataService.swift */,
				70AC70171A4BBBCE00F396AA /* PickViewToolBar.swift */,
				70AB758F1A4D37F000B9D6C2 /* Utils.swift */,
				709767C51A51815200183867 /* TagToolBar.swift */,
				709767C71A51A50500183867 /* ClothViewCell.swift */,
				7067E7C71A694E4000E143D1 /* WeatherView.swift */,
				7067E7C91A696F4C00E143D1 /* RulerViewBar.swift */,
				7011C1C01A7B7934002AE2A8 /* InfoListItemCell.swift */,
			);
			name = Utils;
			sourceTree = "<group>";
		};
		89277E932F2A70B1BE8B1753 /* Frameworks */ = {
			isa = PBXGroup;
			children = (
				7048E4B21A9F192400157BE0 /* AdSupport.framework */,
				7048E4B01A9F191200157BE0 /* StoreKit.framework */,
				7048E4AE1A9F190D00157BE0 /* MessageUI.framework */,
				7048E4AC1A9F190800157BE0 /* AudioToolbox.framework */,
				7048E4AA1A9F190100157BE0 /* AVFoundation.framework */,
				702FB6471A997942009693C1 /* libz.dylib */,
				702FB6451A997939009693C1 /* libstdc++.dylib */,
				702FB6431A997928009693C1 /* CoreTelephony.framework */,
				702FB6411A9978F3009693C1 /* libiconv.dylib */,
				7050A9DF1A80A6180024523D /* Haneke.framework */,
				7011C1BC1A7B225D002AE2A8 /* libsqlite3.0.dylib */,
				707591F41A74969F005DFA11 /* ImageIO.framework */,
				707591F21A749699005DFA11 /* QuartzCore.framework */,
				7033658A1A4B20370078EBEB /* SystemConfiguration.framework */,
				703365881A4B202E0078EBEB /* UIKit.framework */,
				708E1AB01A4B068C00FF27A1 /* Security.framework */,
				708E1AAE1A4B068400FF27A1 /* MobileCoreServices.framework */,
				708E1AAC1A4B067800FF27A1 /* Foundation.framework */,
				708E1AAA1A4B067000FF27A1 /* CoreGraphics.framework */,
				708E1AA81A4B055700FF27A1 /* CoreLocation.framework */,
				3491C2872CB1ACE1087C2CD9 /* libPods.a */,
			);
			name = Frameworks;
			sourceTree = "<group>";
		};
		E5BA68C64251ED873BAAB695 /* Pods */ = {
			isa = PBXGroup;
			children = (
				B21546195A97146D5333C122 /* Pods.debug.xcconfig */,
				296AE8601D1EEA675BE5771F /* Pods.release.xcconfig */,
			);
			name = Pods;
			sourceTree = "<group>";
		};
/* End PBXGroup section */

/* Begin PBXNativeTarget section */
		70A663431A49B75600CB2662 /* Dress */ = {
			isa = PBXNativeTarget;
			buildConfigurationList = 70A663651A49B75600CB2662 /* Build configuration list for PBXNativeTarget "Dress" */;
			buildPhases = (
				926942C1880DB73E2431FFF7 /* Check Pods Manifest.lock */,
				70A663401A49B75600CB2662 /* Sources */,
				70A663411A49B75600CB2662 /* Frameworks */,
				70A663421A49B75600CB2662 /* Resources */,
				9C8E2DBA992796633AB77E0D /* Copy Pods Resources */,
				70631DD11A80AEED0005C555 /* CopyFiles */,
			);
			buildRules = (
			);
			dependencies = (
			);
			name = Dress;
			productName = Dress;
			productReference = 70A663441A49B75600CB2662 /* Dress.app */;
			productType = "com.apple.product-type.application";
		};
		70A6635A1A49B75600CB2662 /* DressTests */ = {
			isa = PBXNativeTarget;
			buildConfigurationList = 70A663681A49B75600CB2662 /* Build configuration list for PBXNativeTarget "DressTests" */;
			buildPhases = (
				70A663571A49B75600CB2662 /* Sources */,
				70A663581A49B75600CB2662 /* Frameworks */,
				70A663591A49B75600CB2662 /* Resources */,
			);
			buildRules = (
			);
			dependencies = (
				70A6635D1A49B75600CB2662 /* PBXTargetDependency */,
			);
			name = DressTests;
			productName = DressTests;
			productReference = 70A6635B1A49B75600CB2662 /* DressTests.xctest */;
			productType = "com.apple.product-type.bundle.unit-test";
		};
/* End PBXNativeTarget section */

/* Begin PBXProject section */
		70A6633C1A49B75600CB2662 /* Project object */ = {
			isa = PBXProject;
			attributes = {
				LastUpgradeCheck = 0610;
				ORGANIZATIONNAME = Alec;
				TargetAttributes = {
					70A663431A49B75600CB2662 = {
						CreatedOnToolsVersion = 6.1;
					};
					70A6635A1A49B75600CB2662 = {
						CreatedOnToolsVersion = 6.1;
						TestTargetID = 70A663431A49B75600CB2662;
					};
				};
			};
			buildConfigurationList = 70A6633F1A49B75600CB2662 /* Build configuration list for PBXProject "Dress" */;
			compatibilityVersion = "Xcode 3.2";
			developmentRegion = English;
			hasScannedForEncodings = 0;
			knownRegions = (
				en,
				Base,
				"zh-Hans",
			);
			mainGroup = 70A6633B1A49B75600CB2662;
			productRefGroup = 70A663451A49B75600CB2662 /* Products */;
			projectDirPath = "";
			projectRoot = "";
			targets = (
				70A663431A49B75600CB2662 /* Dress */,
				70A6635A1A49B75600CB2662 /* DressTests */,
			);
		};
/* End PBXProject section */

/* Begin PBXResourcesBuildPhase section */
		70A663421A49B75600CB2662 /* Resources */ = {
			isa = PBXResourcesBuildPhase;
			buildActionMask = 2147483647;
			files = (
				702FB5F61A99770E009693C1 /* UMShareEditViewController.xib in Resources */,
				70AAD13B1A6F6D2800ADD40B /* me_icon@2x.png in Resources */,
				70211A671A8DD67600C0A60F /* help.html in Resources */,
				70272B771A7A1D2E004870C1 /* ad_banner.png in Resources */,
				702FB5F91A99770E009693C1 /* UMSnsAccountViewController.xib in Resources */,
				702FB5FB1A99770E009693C1 /* UMSocialSDKResourcesNew.bundle in Resources */,
				70211A5D1A8DBC5200C0A60F /* personal_bg_3.png in Resources */,
				70272B751A7A1B6C004870C1 /* default_dress.png in Resources */,
				70AAD1351A6F69F100ADD40B /* weather_selected_icon.png in Resources */,
				702FB6381A9977C6009693C1 /* ios-social-sdk-shake.html in Resources */,
				702FB5F41A99770E009693C1 /* UMSCommentInputController.xib in Resources */,
				70A663511A49B75600CB2662 /* Main.storyboard in Resources */,
				70A663561A49B75600CB2662 /* LaunchScreen.xib in Resources */,
				708908FF1A7788CC006D7B84 /* wechat_btn.png in Resources */,
				70211A551A8D9CC000C0A60F /* personal_bg_0.png in Resources */,
				7011C1CA1A7BC4AD002AE2A8 /* active_like_icon.png in Resources */,
				70AAD1411A6F6F1D00ADD40B /* weather_icon@2x.png in Resources */,
				70AAD1311A6F679400ADD40B /* weather_icon.png in Resources */,
				70211A571A8DA03700C0A60F /* personal_bg_1.png in Resources */,
				702FB63A1A9977C6009693C1 /* ios-social-sdk-shake.html in Resources */,
				702FB5FA1A99770E009693C1 /* UMSShareListController.xib in Resources */,
				702FB64C1A9A0D08009693C1 /* qq_icon@2x.png in Resources */,
				7011C1C81A7BC451002AE2A8 /* like_icon.png in Resources */,
				702FB5F71A99770E009693C1 /* UMShareEditViewControlleriPad.xib in Resources */,
				708909011A778CF4006D7B84 /* default_head.png in Resources */,
				702FB5F31A99770E009693C1 /* UMSCommentDetailController.xib in Resources */,
				70AAD1391A6F6B0400ADD40B /* me_icon.png in Resources */,
				70AAD13D1A6F6DA400ADD40B /* find_icon@2x.png in Resources */,
				70AAD1331A6F694800ADD40B /* clothes_icon.png in Resources */,
				7011C1CC1A7BC59B002AE2A8 /* share_icon.png in Resources */,
				702FB5F81A99770E009693C1 /* UMSLoginViewController.xib in Resources */,
				70AAD1371A6F6A8800ADD40B /* find_icon.png in Resources */,
				70AAD12E1A6F51C700ADD40B /* shirt_icon.png in Resources */,
				70146D841A76391600D6EB4E /* weddingreality-icon.png in Resources */,
				70211A611A8DC87F00C0A60F /* personal_bg_4.png in Resources */,
				70AAD1401A6F6F1D00ADD40B /* clothes_icon@2x.png in Resources */,
				702FB64A1A9A0CB7009693C1 /* qq_icon.png in Resources */,
				70AAD12B1A6F3D7700ADD40B /* hat_icon.png in Resources */,
				702FB5F01A99770E009693C1 /* UMSocialLocalizable.strings in Resources */,
				708908FD1A77851B006D7B84 /* weibo_btn.png in Resources */,
				70A663531A49B75600CB2662 /* Images.xcassets in Resources */,
				7011C1C61A7B8610002AE2A8 /* InfoListItemCell.xib in Resources */,
				70AAD12F1A6F51C700ADD40B /* trousers_icon.png in Resources */,
				702FB5F51A99770E009693C1 /* UMSCommentInputControlleriPad.xib in Resources */,
				702FB6351A9977C6009693C1 /* TencentOpenApi_IOS_Bundle.bundle in Resources */,
				707591F11A748C9C005DFA11 /* WeiboSDK.bundle in Resources */,
				708908F81A775E3E006D7B84 /* close_btn.png in Resources */,
				70211A591A8DA31B00C0A60F /* personal_bg_2.png in Resources */,
			);
			runOnlyForDeploymentPostprocessing = 0;
		};
		70A663591A49B75600CB2662 /* Resources */ = {
			isa = PBXResourcesBuildPhase;
			buildActionMask = 2147483647;
			files = (
			);
			runOnlyForDeploymentPostprocessing = 0;
		};
/* End PBXResourcesBuildPhase section */

/* Begin PBXShellScriptBuildPhase section */
		926942C1880DB73E2431FFF7 /* Check Pods Manifest.lock */ = {
			isa = PBXShellScriptBuildPhase;
			buildActionMask = 2147483647;
			files = (
			);
			inputPaths = (
			);
			name = "Check Pods Manifest.lock";
			outputPaths = (
			);
			runOnlyForDeploymentPostprocessing = 0;
			shellPath = /bin/sh;
			shellScript = "diff \"${PODS_ROOT}/../Podfile.lock\" \"${PODS_ROOT}/Manifest.lock\" > /dev/null\nif [[ $? != 0 ]] ; then\n    cat << EOM\nerror: The sandbox is not in sync with the Podfile.lock. Run 'pod install' or update your CocoaPods installation.\nEOM\n    exit 1\nfi\n";
			showEnvVarsInLog = 0;
		};
		9C8E2DBA992796633AB77E0D /* Copy Pods Resources */ = {
			isa = PBXShellScriptBuildPhase;
			buildActionMask = 2147483647;
			files = (
			);
			inputPaths = (
			);
			name = "Copy Pods Resources";
			outputPaths = (
			);
			runOnlyForDeploymentPostprocessing = 0;
			shellPath = /bin/sh;
			shellScript = "\"${SRCROOT}/Pods/Target Support Files/Pods/Pods-resources.sh\"\n";
			showEnvVarsInLog = 0;
		};
/* End PBXShellScriptBuildPhase section */

/* Begin PBXSourcesBuildPhase section */
		70A663401A49B75600CB2662 /* Sources */ = {
			isa = PBXSourcesBuildPhase;
			buildActionMask = 2147483647;
			files = (
				7067E7C81A694E4000E143D1 /* WeatherView.swift in Sources */,
				708E1AA71A4B035800FF27A1 /* Cloth.swift in Sources */,
				7011C1BB1A7B223E002AE2A8 /* String-Extras.swift in Sources */,
				70211A631A8DD21D00C0A60F /* AboutViewController.swift in Sources */,
				70AC70181A4BBBCE00F396AA /* PickViewToolBar.swift in Sources */,
				7011C1C11A7B7934002AE2A8 /* InfoListItemCell.swift in Sources */,
				7011C1BA1A7B223E002AE2A8 /* SQLiteDB.swift in Sources */,
				70AB758A1A4CEC4C00B9D6C2 /* NewClothViewController.swift in Sources */,
				70211A6B1A8DF7D400C0A60F /* HRToast+UIView.swift in Sources */,
				709767C81A51A50500183867 /* ClothViewCell.swift in Sources */,
				70211A691A8DDABA00C0A60F /* FeedbackViewController.swift in Sources */,
				70211A6F1A8E42BC00C0A60F /* StyleTableViewController.swift in Sources */,
				702187CB1AA064580087263C /* InfoDetailViewController.swift in Sources */,
				70A663731A49BC9900CB2662 /* FindViewController.swift in Sources */,
				70A663721A49BC9900CB2662 /* ClothViewController.swift in Sources */,
				70211A651A8DD52E00C0A60F /* HelpViewController.swift in Sources */,
				70211A6D1A8E40DC00C0A60F /* BrandTableViewController.swift in Sources */,
				7067E7CA1A696F4C00E143D1 /* RulerViewBar.swift in Sources */,
				70A6634A1A49B75600CB2662 /* AppDelegate.swift in Sources */,
				70A663831A49BCE800CB2662 /* DataService.swift in Sources */,
				70AB75901A4D37F000B9D6C2 /* Utils.swift in Sources */,
				70AB75921A4D3B9A00B9D6C2 /* User.swift in Sources */,
				709767C61A51815200183867 /* TagToolBar.swift in Sources */,
				70146D861A76416B00D6EB4E /* LoginViewController.swift in Sources */,
				70A663751A49BC9900CB2662 /* WeatherViewController.swift in Sources */,
				70A663741A49BC9900CB2662 /* PersonalViewController.swift in Sources */,
				708E1AA51A4B021100FF27A1 /* Weather.swift in Sources */,
			);
			runOnlyForDeploymentPostprocessing = 0;
		};
		70A663571A49B75600CB2662 /* Sources */ = {
			isa = PBXSourcesBuildPhase;
			buildActionMask = 2147483647;
			files = (
				70A663621A49B75600CB2662 /* DressTests.swift in Sources */,
			);
			runOnlyForDeploymentPostprocessing = 0;
		};
/* End PBXSourcesBuildPhase section */

/* Begin PBXTargetDependency section */
		70A6635D1A49B75600CB2662 /* PBXTargetDependency */ = {
			isa = PBXTargetDependency;
			target = 70A663431A49B75600CB2662 /* Dress */;
			targetProxy = 70A6635C1A49B75600CB2662 /* PBXContainerItemProxy */;
		};
/* End PBXTargetDependency section */

/* Begin PBXVariantGroup section */
		702FB5D51A99770E009693C1 /* UMSocialLocalizable.strings */ = {
			isa = PBXVariantGroup;
			children = (
				702FB5D61A99770E009693C1 /* en */,
				702FB5EF1A99770E009693C1 /* zh-Hans */,
			);
			name = UMSocialLocalizable.strings;
			sourceTree = "<group>";
		};
		70A6634F1A49B75600CB2662 /* Main.storyboard */ = {
			isa = PBXVariantGroup;
			children = (
				70A663501A49B75600CB2662 /* Base */,
			);
			name = Main.storyboard;
			sourceTree = "<group>";
		};
		70A663541A49B75600CB2662 /* LaunchScreen.xib */ = {
			isa = PBXVariantGroup;
			children = (
				70A663551A49B75600CB2662 /* Base */,
			);
			name = LaunchScreen.xib;
			sourceTree = "<group>";
		};
/* End PBXVariantGroup section */

/* Begin XCBuildConfiguration section */
		70A663631A49B75600CB2662 /* Debug */ = {
			isa = XCBuildConfiguration;
			buildSettings = {
				ALWAYS_SEARCH_USER_PATHS = NO;
				CLANG_CXX_LANGUAGE_STANDARD = "gnu++0x";
				CLANG_CXX_LIBRARY = "libc++";
				CLANG_ENABLE_MODULES = YES;
				CLANG_ENABLE_OBJC_ARC = YES;
				CLANG_WARN_BOOL_CONVERSION = YES;
				CLANG_WARN_CONSTANT_CONVERSION = YES;
				CLANG_WARN_DIRECT_OBJC_ISA_USAGE = YES_ERROR;
				CLANG_WARN_EMPTY_BODY = YES;
				CLANG_WARN_ENUM_CONVERSION = YES;
				CLANG_WARN_INT_CONVERSION = YES;
				CLANG_WARN_OBJC_ROOT_CLASS = YES_ERROR;
				CLANG_WARN_UNREACHABLE_CODE = YES;
				CLANG_WARN__DUPLICATE_METHOD_MATCH = YES;
				"CODE_SIGN_IDENTITY[sdk=iphoneos*]" = "iPhone Developer";
				COPY_PHASE_STRIP = NO;
				ENABLE_STRICT_OBJC_MSGSEND = YES;
				GCC_C_LANGUAGE_STANDARD = gnu99;
				GCC_DYNAMIC_NO_PIC = NO;
				GCC_OPTIMIZATION_LEVEL = 0;
				GCC_PREPROCESSOR_DEFINITIONS = (
					"DEBUG=1",
					"$(inherited)",
				);
				GCC_SYMBOLS_PRIVATE_EXTERN = NO;
				GCC_WARN_64_TO_32_BIT_CONVERSION = YES;
				GCC_WARN_ABOUT_RETURN_TYPE = YES_ERROR;
				GCC_WARN_UNDECLARED_SELECTOR = YES;
				GCC_WARN_UNINITIALIZED_AUTOS = YES_AGGRESSIVE;
				GCC_WARN_UNUSED_FUNCTION = YES;
				GCC_WARN_UNUSED_VARIABLE = YES;
				IPHONEOS_DEPLOYMENT_TARGET = 8.1;
				MTL_ENABLE_DEBUG_INFO = YES;
				ONLY_ACTIVE_ARCH = YES;
				SDKROOT = iphoneos;
				SWIFT_OPTIMIZATION_LEVEL = "-Onone";
				WARNING_LDFLAGS = "";
			};
			name = Debug;
		};
		70A663641A49B75600CB2662 /* Release */ = {
			isa = XCBuildConfiguration;
			buildSettings = {
				ALWAYS_SEARCH_USER_PATHS = NO;
				CLANG_CXX_LANGUAGE_STANDARD = "gnu++0x";
				CLANG_CXX_LIBRARY = "libc++";
				CLANG_ENABLE_MODULES = YES;
				CLANG_ENABLE_OBJC_ARC = YES;
				CLANG_WARN_BOOL_CONVERSION = YES;
				CLANG_WARN_CONSTANT_CONVERSION = YES;
				CLANG_WARN_DIRECT_OBJC_ISA_USAGE = YES_ERROR;
				CLANG_WARN_EMPTY_BODY = YES;
				CLANG_WARN_ENUM_CONVERSION = YES;
				CLANG_WARN_INT_CONVERSION = YES;
				CLANG_WARN_OBJC_ROOT_CLASS = YES_ERROR;
				CLANG_WARN_UNREACHABLE_CODE = YES;
				CLANG_WARN__DUPLICATE_METHOD_MATCH = YES;
				"CODE_SIGN_IDENTITY[sdk=iphoneos*]" = "iPhone Developer";
				COPY_PHASE_STRIP = YES;
				ENABLE_NS_ASSERTIONS = NO;
				ENABLE_STRICT_OBJC_MSGSEND = YES;
				GCC_C_LANGUAGE_STANDARD = gnu99;
				GCC_WARN_64_TO_32_BIT_CONVERSION = YES;
				GCC_WARN_ABOUT_RETURN_TYPE = YES_ERROR;
				GCC_WARN_UNDECLARED_SELECTOR = YES;
				GCC_WARN_UNINITIALIZED_AUTOS = YES_AGGRESSIVE;
				GCC_WARN_UNUSED_FUNCTION = YES;
				GCC_WARN_UNUSED_VARIABLE = YES;
				IPHONEOS_DEPLOYMENT_TARGET = 8.1;
				MTL_ENABLE_DEBUG_INFO = NO;
				SDKROOT = iphoneos;
				VALIDATE_PRODUCT = YES;
				WARNING_LDFLAGS = "";
			};
			name = Release;
		};
		70A663661A49B75600CB2662 /* Debug */ = {
			isa = XCBuildConfiguration;
			baseConfigurationReference = B21546195A97146D5333C122 /* Pods.debug.xcconfig */;
			buildSettings = {
				ASSETCATALOG_COMPILER_APPICON_NAME = AppIcon;
				CLANG_ENABLE_MODULES = YES;
				CODE_SIGN_IDENTITY = "iPhone Developer";
				DEFINES_MODULE = YES;
				EMBEDDED_CONTENT_CONTAINS_SWIFT = NO;
				FRAMEWORK_SEARCH_PATHS = (
					"$(inherited)",
					"$(USER_LIBRARY_DIR)/Developer/Xcode/DerivedData/Dress-aelsyudqwsethzfenehvqbylrfef/Build/Products/Debug-iphoneos",
					"$(PROJECT_DIR)/Dress/UMSocial_Sdk_4.2.1/UMSocial_Sdk_Extra_Frameworks/TencentOpenAPI",
				);
				INFOPLIST_FILE = Dress/Info.plist;
				IPHONEOS_DEPLOYMENT_TARGET = 8.0;
				LD_RUNPATH_SEARCH_PATHS = "$(inherited) @executable_path/Frameworks";
				LIBRARY_SEARCH_PATHS = (
					"$(inherited)",
					"$(PROJECT_DIR)/Dress/libWeiboSDK",
					"$(PROJECT_DIR)/Dress/UMSocial_Sdk_4.2.1",
					"$(PROJECT_DIR)/Dress/UMSocial_Sdk_4.2.1/UMSocial_Sdk_Extra_Frameworks/Facebook",
					"$(PROJECT_DIR)/Dress/UMSocial_Sdk_4.2.1/UMSocial_Sdk_Extra_Frameworks/Instagram",
					"$(PROJECT_DIR)/Dress/UMSocial_Sdk_4.2.1/UMSocial_Sdk_Extra_Frameworks/LaiWang",
					"$(PROJECT_DIR)/Dress/UMSocial_Sdk_4.2.1/UMSocial_Sdk_Extra_Frameworks/Line",
					"$(PROJECT_DIR)/Dress/UMSocial_Sdk_4.2.1/UMSocial_Sdk_Extra_Frameworks/Sina",
					"$(PROJECT_DIR)/Dress/UMSocial_Sdk_4.2.1/UMSocial_Sdk_Extra_Frameworks/TencentOpenAPI",
					"$(PROJECT_DIR)/Dress/UMSocial_Sdk_4.2.1/UMSocial_Sdk_Extra_Frameworks/Tumblr",
					"$(PROJECT_DIR)/Dress/UMSocial_Sdk_4.2.1/UMSocial_Sdk_Extra_Frameworks/Twitter",
					"$(PROJECT_DIR)/Dress/UMSocial_Sdk_4.2.1/UMSocial_Sdk_Extra_Frameworks/UMSocial_ScreenShot_Sdk",
					"$(PROJECT_DIR)/Dress/UMSocial_Sdk_4.2.1/UMSocial_Sdk_Extra_Frameworks/UMSocial_Shake_Sdk",
					"$(PROJECT_DIR)/Dress/UMSocial_Sdk_4.2.1/UMSocial_Sdk_Extra_Frameworks/Wechat",
					"$(PROJECT_DIR)/Dress/UMSocial_Sdk_4.2.1/UMSocial_Sdk_Extra_Frameworks/Whatsapp",
					"$(PROJECT_DIR)/Dress/UMSocial_Sdk_4.2.1/UMSocial_Sdk_Extra_Frameworks/YiXin",
				);
				ONLY_ACTIVE_ARCH = YES;
				PRODUCT_NAME = "$(TARGET_NAME)";
				SWIFT_OBJC_BRIDGING_HEADER = "Dress/Dress-Bridging-Header.h";
				SWIFT_OPTIMIZATION_LEVEL = "-Onone";
				VALID_ARCHS = "arm64 armv7 armv7s";
			};
			name = Debug;
		};
		70A663671A49B75600CB2662 /* Release */ = {
			isa = XCBuildConfiguration;
			baseConfigurationReference = 296AE8601D1EEA675BE5771F /* Pods.release.xcconfig */;
			buildSettings = {
				ASSETCATALOG_COMPILER_APPICON_NAME = AppIcon;
				CLANG_ENABLE_MODULES = YES;
				CODE_SIGN_IDENTITY = "iPhone Developer";
				DEFINES_MODULE = YES;
				EMBEDDED_CONTENT_CONTAINS_SWIFT = NO;
				FRAMEWORK_SEARCH_PATHS = (
					"$(inherited)",
					"$(USER_LIBRARY_DIR)/Developer/Xcode/DerivedData/Dress-aelsyudqwsethzfenehvqbylrfef/Build/Products/Debug-iphoneos",
					"$(PROJECT_DIR)/Dress/UMSocial_Sdk_4.2.1/UMSocial_Sdk_Extra_Frameworks/TencentOpenAPI",
				);
				INFOPLIST_FILE = Dress/Info.plist;
				IPHONEOS_DEPLOYMENT_TARGET = 8.0;
				LD_RUNPATH_SEARCH_PATHS = "$(inherited) @executable_path/Frameworks";
				LIBRARY_SEARCH_PATHS = (
					"$(inherited)",
					"$(PROJECT_DIR)/Dress/libWeiboSDK",
					"$(PROJECT_DIR)/Dress/UMSocial_Sdk_4.2.1",
					"$(PROJECT_DIR)/Dress/UMSocial_Sdk_4.2.1/UMSocial_Sdk_Extra_Frameworks/Facebook",
					"$(PROJECT_DIR)/Dress/UMSocial_Sdk_4.2.1/UMSocial_Sdk_Extra_Frameworks/Instagram",
					"$(PROJECT_DIR)/Dress/UMSocial_Sdk_4.2.1/UMSocial_Sdk_Extra_Frameworks/LaiWang",
					"$(PROJECT_DIR)/Dress/UMSocial_Sdk_4.2.1/UMSocial_Sdk_Extra_Frameworks/Line",
					"$(PROJECT_DIR)/Dress/UMSocial_Sdk_4.2.1/UMSocial_Sdk_Extra_Frameworks/Sina",
					"$(PROJECT_DIR)/Dress/UMSocial_Sdk_4.2.1/UMSocial_Sdk_Extra_Frameworks/TencentOpenAPI",
					"$(PROJECT_DIR)/Dress/UMSocial_Sdk_4.2.1/UMSocial_Sdk_Extra_Frameworks/Tumblr",
					"$(PROJECT_DIR)/Dress/UMSocial_Sdk_4.2.1/UMSocial_Sdk_Extra_Frameworks/Twitter",
					"$(PROJECT_DIR)/Dress/UMSocial_Sdk_4.2.1/UMSocial_Sdk_Extra_Frameworks/UMSocial_ScreenShot_Sdk",
					"$(PROJECT_DIR)/Dress/UMSocial_Sdk_4.2.1/UMSocial_Sdk_Extra_Frameworks/UMSocial_Shake_Sdk",
					"$(PROJECT_DIR)/Dress/UMSocial_Sdk_4.2.1/UMSocial_Sdk_Extra_Frameworks/Wechat",
					"$(PROJECT_DIR)/Dress/UMSocial_Sdk_4.2.1/UMSocial_Sdk_Extra_Frameworks/Whatsapp",
					"$(PROJECT_DIR)/Dress/UMSocial_Sdk_4.2.1/UMSocial_Sdk_Extra_Frameworks/YiXin",
				);
				ONLY_ACTIVE_ARCH = YES;
				PRODUCT_NAME = "$(TARGET_NAME)";
				SWIFT_OBJC_BRIDGING_HEADER = "Dress/Dress-Bridging-Header.h";
				VALID_ARCHS = "arm64 armv7 armv7s";
			};
			name = Release;
		};
		70A663691A49B75600CB2662 /* Debug */ = {
			isa = XCBuildConfiguration;
			buildSettings = {
				BUNDLE_LOADER = "$(TEST_HOST)";
				FRAMEWORK_SEARCH_PATHS = (
					"$(SDKROOT)/Developer/Library/Frameworks",
					"$(inherited)",
				);
				GCC_PREPROCESSOR_DEFINITIONS = (
					"DEBUG=1",
					"$(inherited)",
				);
				INFOPLIST_FILE = DressTests/Info.plist;
				LD_RUNPATH_SEARCH_PATHS = "$(inherited) @executable_path/Frameworks @loader_path/Frameworks";
				PRODUCT_NAME = "$(TARGET_NAME)";
				TEST_HOST = "$(BUILT_PRODUCTS_DIR)/Dress.app/Dress";
			};
			name = Debug;
		};
		70A6636A1A49B75600CB2662 /* Release */ = {
			isa = XCBuildConfiguration;
			buildSettings = {
				BUNDLE_LOADER = "$(TEST_HOST)";
				FRAMEWORK_SEARCH_PATHS = (
					"$(SDKROOT)/Developer/Library/Frameworks",
					"$(inherited)",
				);
				INFOPLIST_FILE = DressTests/Info.plist;
				LD_RUNPATH_SEARCH_PATHS = "$(inherited) @executable_path/Frameworks @loader_path/Frameworks";
				PRODUCT_NAME = "$(TARGET_NAME)";
				TEST_HOST = "$(BUILT_PRODUCTS_DIR)/Dress.app/Dress";
			};
			name = Release;
		};
/* End XCBuildConfiguration section */

/* Begin XCConfigurationList section */
		70A6633F1A49B75600CB2662 /* Build configuration list for PBXProject "Dress" */ = {
			isa = XCConfigurationList;
			buildConfigurations = (
				70A663631A49B75600CB2662 /* Debug */,
				70A663641A49B75600CB2662 /* Release */,
			);
			defaultConfigurationIsVisible = 0;
			defaultConfigurationName = Release;
		};
		70A663651A49B75600CB2662 /* Build configuration list for PBXNativeTarget "Dress" */ = {
			isa = XCConfigurationList;
			buildConfigurations = (
				70A663661A49B75600CB2662 /* Debug */,
				70A663671A49B75600CB2662 /* Release */,
			);
			defaultConfigurationIsVisible = 0;
			defaultConfigurationName = Release;
		};
		70A663681A49B75600CB2662 /* Build configuration list for PBXNativeTarget "DressTests" */ = {
			isa = XCConfigurationList;
			buildConfigurations = (
				70A663691A49B75600CB2662 /* Debug */,
				70A6636A1A49B75600CB2662 /* Release */,
			);
			defaultConfigurationIsVisible = 0;
			defaultConfigurationName = Release;
		};
/* End XCConfigurationList section */
	};
	rootObject = 70A6633C1A49B75600CB2662 /* Project object */;
}
